lockfileVersion: '9.0'

settings:
  autoInstallPeers: true
  excludeLinksFromLockfile: false

importers:

  .:
    devDependencies:
      '@startracex/dev-config':
        specifier: ^0.6.0
        version: 0.6.0
      '@types/node':
        specifier: ^25.2.0
        version: 25.2.0
      dprint:
        specifier: ^0.51.1
        version: 0.51.1
      rollup:
        specifier: ^4.57.1
        version: 4.57.1
      rollup-plugin-cjs-shim:
        specifier: ^2.0.0
        version: 2.0.0(rollup@4.57.1)
      rollup-plugin-oxc:
        specifier: ^0.7.1
        version: 0.7.1(rollup@4.57.1)(typescript@5.9.3)
      typescript:
        specifier: ^5.9.3
        version: 5.9.3

  npm: {}

packages:

  '@dprint/darwin-arm64@0.51.1':
    resolution: {integrity: sha512-C7fkaz0/NGf/X4G9Cq65izdJgerND5jWShOaPiOgGs4A0CyCMKMLRd45m3xKIttuO8x0IQiZVixD22qmVglXmQ==}
    cpu: [arm64]
    os: [darwin]

  '@dprint/darwin-x64@0.51.1':
    resolution: {integrity: sha512-/CESb4SJejshTWb/nO2gucrioKdLD/fK2gKB5Immi4XecAjhkV1HZpUMRLsIeVDQ6ha7xktKbnnvudJRI0maSg==}
    cpu: [x64]
    os: [darwin]

  '@dprint/linux-arm64-glibc@0.51.1':
    resolution: {integrity: sha512-W+QD/4TkQKMPq02uz+ZIz/EI91YEtS2zHBu/Jihx2lfNh3HjUKgyY1KfqCTg2WGJVDkJtPc5KDw+M8yd4rI+Rg==}
    cpu: [arm64]
    os: [linux]

  '@dprint/linux-arm64-musl@0.51.1':
    resolution: {integrity: sha512-P4Cfn8wrdSvdoMoz0HtsC5zZpbh8Kk3OjRzgG4qs/gub5Ba3CCLcVaQvQmIOCvgPzdhPB41eSn5qAK87mh7vCQ==}
    cpu: [arm64]
    os: [linux]

  '@dprint/linux-loong64-glibc@0.51.1':
    resolution: {integrity: sha512-dxDShELBrSGB9PktRqhYrm1UWCL+7N430rGuDTFg+i4d1wL4JD7EI5NDS/5IVbg3lrKJUu6gAJoY9NWF4sZ0mQ==}
    cpu: [loong64]
    os: [linux]

  '@dprint/linux-loong64-musl@0.51.1':
    resolution: {integrity: sha512-l+uNPzUBNxkywGN1HgvTV0CzUDpzXC+s6VEvjYRdVAEKl9TAsIfLMfZifS8rnlOi9hz/0sckmpny+wL40G6dhQ==}
    cpu: [loong64]
    os: [linux]

  '@dprint/linux-riscv64-glibc@0.51.1':
    resolution: {integrity: sha512-YI6SemJRMsLUrtognhkAYOJ67j/AkiufHfx6+cPv/7qO6zBoBL6otR1e5yFYvAgEJOzRZD5g51EdqCcuK19B+g==}
    cpu: [riscv64]
    os: [linux]

  '@dprint/linux-x64-glibc@0.51.1':
    resolution: {integrity: sha512-Hm9ntOWeclXU6/rZGYIN2XjuAhsRUZ77lRJC5EiM1rP6Ayh0J/YMsDdqlPAs+xZGdFFzt8ZeUpqJJJsbc54ZjQ==}
    cpu: [x64]
    os: [linux]

  '@dprint/linux-x64-musl@0.51.1':
    resolution: {integrity: sha512-iUs/9Z4Ky6+2GAK+i1jF1ZwM27CSIGaqw3LxTXtmE8eBCRwyCW+opzn9bzaFtlT9REUAGMC5PXihAPmzP3ttWg==}
    cpu: [x64]
    os: [linux]

  '@dprint/win32-arm64@0.51.1':
    resolution: {integrity: sha512-oXjEL7Blf/160/j7U8MapRzSOVQvLIdAKEZbslIHA4Fwj10fvoDizqpfVU/aVj/BVrlIcZ/+AH8kfSC9XAyjLw==}
    cpu: [arm64]
    os: [win32]

  '@dprint/win32-x64@0.51.1':
    resolution: {integrity: sha512-RM9thb/+Jm6GkXJS+eW+0Pzmz2PNeDk8ZOWcjunE1jv2RabHgm+GbeGpS+WZPOM9W3LSntswv6f4wjzfUkWD0g==}
    cpu: [x64]
    os: [win32]

  '@emnapi/core@1.8.1':
    resolution: {integrity: sha512-AvT9QFpxK0Zd8J0jopedNm+w/2fIzvtPKPjqyw9jwvBaReTTqPBk9Hixaz7KbjimP+QNz605/XnjFcDAL2pqBg==}

  '@emnapi/runtime@1.8.1':
    resolution: {integrity: sha512-mehfKSMWjjNol8659Z8KxEMrdSJDDot5SXMq00dM8BN4o+CLNXQ0xH2V7EchNHV4RmbZLmmPdEaXZc5H2FXmDg==}

  '@emnapi/wasi-threads@1.1.0':
    resolution: {integrity: sha512-WI0DdZ8xFSbgMjR1sFsKABJ/C5OnRrjT06JXbZKexJGrDuPTzZdDYfFlsgcCXCyf+suG5QU2e/y1Wo2V/OapLQ==}

  '@jridgewell/sourcemap-codec@1.5.5':
    resolution: {integrity: sha512-cYQ9310grqxueWbl+WuIUIaiUaDcj7WOq5fVhEljNVgRfOUhY9fy2zTvfoqWsnebh8Sl70VScFbICvJnLKB0Og==}

  '@napi-rs/wasm-runtime@1.1.1':
    resolution: {integrity: sha512-p64ah1M1ld8xjWv3qbvFwHiFVWrq1yFvV4f7w+mzaqiR4IlSgkqhcRdHwsGgomwzBH51sRY4NEowLxnaBjcW/A==}

  '@oxc-minify/binding-android-arm-eabi@0.107.0':
    resolution: {integrity: sha512-c8OTma/AnIdYxWUsubX6qSb5/EYpGymbkdpdjL5GKmtHWjUHpfzBWjzrNqnVm3KEPHcmbnJF4hJRi/Ti1mftJA==}
    engines: {node: ^20.19.0 || >=22.12.0}
    cpu: [arm]
    os: [android]

  '@oxc-minify/binding-android-arm64@0.107.0':
    resolution: {integrity: sha512-NHoJpyugWtCbKNjvtHUgXHoj7Bhkf1/VVyK4c6W6Xbz+w6Wtm8X5mfymL9XnbS99BOeN/LwYD5Mj6DO7NvHsCw==}
    engines: {node: ^20.19.0 || >=22.12.0}
    cpu: [arm64]
    os: [android]

  '@oxc-minify/binding-darwin-arm64@0.107.0':
    resolution: {integrity: sha512-bTV2VXUSDN/i83wozKe56hfM3vMrPGSyCa+N/Nnmd94DTLXoHPk73P+JYJNbHl6/sH6nxYyFdLh7SYDn/HETdA==}
    engines: {node: ^20.19.0 || >=22.12.0}
    cpu: [arm64]
    os: [darwin]

  '@oxc-minify/binding-darwin-x64@0.107.0':
    resolution: {integrity: sha512-HZTH0tZSeS3z0Woe4PLKOUMYxOp5ejHHju45XyAHooglEQR3w6VlZ1HQ3Kw4MCJqf4Z06z0nb7YhxpdS4getVA==}
    engines: {node: ^20.19.0 || >=22.12.0}
    cpu: [x64]
    os: [darwin]

  '@oxc-minify/binding-freebsd-x64@0.107.0':
    resolution: {integrity: sha512-jj7Q+8ktkGnQmhqOKpy34BkfkohUhGLSMrrBtISaKT0WN09RSkpxVBpoXCsifDZDiNk+JD9rPnWWAnLV+vEfFw==}
    engines: {node: ^20.19.0 || >=22.12.0}
    cpu: [x64]
    os: [freebsd]

  '@oxc-minify/binding-linux-arm-gnueabihf@0.107.0':
    resolution: {integrity: sha512-ID771jAKIAHPuaZUB4ljYBtBi98Z7P1PoPRPIyO3pYCaQjIXlxXYRCiovu0e8AGRFu65vq+uifEVFlwQgzbldg==}
    engines: {node: ^20.19.0 || >=22.12.0}
    cpu: [arm]
    os: [linux]

  '@oxc-minify/binding-linux-arm-musleabihf@0.107.0':
    resolution: {integrity: sha512-FsUoHmWTy1fwXo8fiGpkk9/CPaTXoUgkVILsuTbZE+jHTO1xsoKpSNvm9UKJMNxSELSgt0iGnnww9q9tj5imBQ==}
    engines: {node: ^20.19.0 || >=22.12.0}
    cpu: [arm]
    os: [linux]

  '@oxc-minify/binding-linux-arm64-gnu@0.107.0':
    resolution: {integrity: sha512-97HCc3oxU1I06EOdbNSna6FFGVOb6aR93ucSNtkekJjfOfsKYJOZV/SF80DGWRYR2uDX5ChRj1d3fUBR1uWCiw==}
    engines: {node: ^20.19.0 || >=22.12.0}
    cpu: [arm64]
    os: [linux]

  '@oxc-minify/binding-linux-arm64-musl@0.107.0':
    resolution: {integrity: sha512-/qsts0t/i2r+nQdYxhyg4usLPPJJZMW4QFWq4yHa7AIpbYpMggm3KMEMS+WsDO09mMJrEMe3FafcXx81QQRixA==}
    engines: {node: ^20.19.0 || >=22.12.0}
    cpu: [arm64]
    os: [linux]

  '@oxc-minify/binding-linux-ppc64-gnu@0.107.0':
    resolution: {integrity: sha512-wyq/KLE1FaffORx7wZYxUaIwNv9dPPpdJUF6SuN0YKufkAabMqeq4XsXOXo4BBiVEEy2wYz68xUVh0k5SnIoNA==}
    engines: {node: ^20.19.0 || >=22.12.0}
    cpu: [ppc64]
    os: [linux]

  '@oxc-minify/binding-linux-riscv64-gnu@0.107.0':
    resolution: {integrity: sha512-+X4XArSQpiAPwooojKxXmci/WSXnwmRT4uc1C6+sf73JIYeIqhxHpgACBeuIQiwPIONMOBJ3L4EA5VXBU4ADmQ==}
    engines: {node: ^20.19.0 || >=22.12.0}
    cpu: [riscv64]
    os: [linux]

  '@oxc-minify/binding-linux-riscv64-musl@0.107.0':
    resolution: {integrity: sha512-j9h77oDyJkilYY59k/Ing+k1Fy9wjonKl7S8GhqHmr3K5L2T/5bgoetPUtmanZkiaKX3ZDE/Yxgk6QxqymyNIA==}
    engines: {node: ^20.19.0 || >=22.12.0}
    cpu: [riscv64]
    os: [linux]

  '@oxc-minify/binding-linux-s390x-gnu@0.107.0':
    resolution: {integrity: sha512-id71v100CWrORuy9W93bmVVDLRz6yck/DlD12cMtZFrN5ed2NpMn8ekhkTcSdqAhikcdNRfxIhYVWqOd7qzO5A==}
    engines: {node: ^20.19.0 || >=22.12.0}
    cpu: [s390x]
    os: [linux]

  '@oxc-minify/binding-linux-x64-gnu@0.107.0':
    resolution: {integrity: sha512-g0KexSyD+kUFfr4TUFceh9Zoi7mh/eqzCFl/tUP78bSegs/hRTzJzKeBH6qliJtb++lcvFwtacl7ertyf+dmTQ==}
    engines: {node: ^20.19.0 || >=22.12.0}
    cpu: [x64]
    os: [linux]

  '@oxc-minify/binding-linux-x64-musl@0.107.0':
    resolution: {integrity: sha512-NLyrEEav8EexP7JDt2Lvn4p27PcoiDHt7AhsSSd0yNgNsrLcq8/jgM5RnZ+3XXXXfJiw2rQOGCifwmmjmMYdow==}
    engines: {node: ^20.19.0 || >=22.12.0}
    cpu: [x64]
    os: [linux]

  '@oxc-minify/binding-openharmony-arm64@0.107.0':
    resolution: {integrity: sha512-fDnVUgVT/FRNaek4uqXsldfl/m+f048A3IXQxtXSt8cb1nsiTYTa+L9wSWGcv8ohQ0xkT7MYRmHwLJ0q9PhYpg==}
    engines: {node: ^20.19.0 || >=22.12.0}
    cpu: [arm64]
    os: [openharmony]

  '@oxc-minify/binding-wasm32-wasi@0.107.0':
    resolution: {integrity: sha512-C2BzPWXB+yysl8FYwv1/BfoIrSFA+D93/aZ/e3ZumNh4zef1H/u+biI6IGIrclHFOA5P4I6QAmYHSm+eC42dHg==}
    engines: {node: '>=14.0.0'}
    cpu: [wasm32]

  '@oxc-minify/binding-win32-arm64-msvc@0.107.0':
    resolution: {integrity: sha512-7QYS2Kz6iEuJIZs8XhZ/saTXSjG9l9rXU5p35u9kZUq1HZhDOETGHItf/4WxqMFjpRc1j1cJUzeadP4ilniwog==}
    engines: {node: ^20.19.0 || >=22.12.0}
    cpu: [arm64]
    os: [win32]

  '@oxc-minify/binding-win32-ia32-msvc@0.107.0':
    resolution: {integrity: sha512-I72JSHIEgegQvFMaRVewnEN/n8d6nwxYDwWsjgJbjrhPDw7oZOI18zw14RyyYVo4eRqPHKQFYtmmT6hINXvUhA==}
    engines: {node: ^20.19.0 || >=22.12.0}
    cpu: [ia32]
    os: [win32]

  '@oxc-minify/binding-win32-x64-msvc@0.107.0':
    resolution: {integrity: sha512-BQ0vmZWxIdllKjmaXfoyECOVogoL4UKUc6dbwcCKBsmiwTDhTeQRkX+XK017HsmvCoh/8gpsr8lBUlIh18mj4g==}
    engines: {node: ^20.19.0 || >=22.12.0}
    cpu: [x64]
    os: [win32]

  '@oxc-resolver/binding-android-arm-eabi@11.16.2':
    resolution: {integrity: sha512-lVJbvydLQIDZHKUb6Zs9Rq80QVTQ9xdCQE30eC9/cjg4wsMoEOg65QZPymUAIVJotpUAWJD0XYcwE7ugfxx5kQ==}
    cpu: [arm]
    os: [android]

  '@oxc-resolver/binding-android-arm64@11.16.2':
    resolution: {integrity: sha512-fEk+g/g2rJ6LnBVPqeLcx+/alWZ/Db1UlXG+ZVivip0NdrnOzRL48PAmnxTMGOrLwsH1UDJkwY3wOjrrQltCqg==}
    cpu: [arm64]
    os: [android]

  '@oxc-resolver/binding-darwin-arm64@11.16.2':
    resolution: {integrity: sha512-Pkbp1qi7kdUX6k3Fk1PvAg6p7ruwaWKg1AhOlDgrg2vLXjtv9ZHo7IAQN6kLj0W771dPJZWqNxoqTPacp2oYWA==}
    cpu: [arm64]
    os: [darwin]

  '@oxc-resolver/binding-darwin-x64@11.16.2':
    resolution: {integrity: sha512-FYCGcU1iSoPkADGLfQbuj0HWzS+0ItjDCt9PKtu2Hzy6T0dxO4Y1enKeCOxCweOlmLEkSxUlW5UPT4wvT3LnAg==}
    cpu: [x64]
    os: [darwin]

  '@oxc-resolver/binding-freebsd-x64@11.16.2':
    resolution: {integrity: sha512-1zHCoK6fMcBjE54P2EG/z70rTjcRxvyKfvk4E/QVrWLxNahuGDFZIxoEoo4kGnnEcmPj41F0c2PkrQbqlpja5g==}
    cpu: [x64]
    os: [freebsd]

  '@oxc-resolver/binding-linux-arm-gnueabihf@11.16.2':
    resolution: {integrity: sha512-+ucLYz8EO5FDp6kZ4o1uDmhoP+M98ysqiUW4hI3NmfiOJQWLrAzQjqaTdPfIOzlCXBU9IHp5Cgxu6wPjVb8dbA==}
    cpu: [arm]
    os: [linux]

  '@oxc-resolver/binding-linux-arm-musleabihf@11.16.2':
    resolution: {integrity: sha512-qq+TpNXyw1odDgoONRpMLzH4hzhwnEw55398dL8rhKGvvYbio71WrJ00jE+hGlEi7H1Gkl11KoPJRaPlRAVGPw==}
    cpu: [arm]
    os: [linux]

  '@oxc-resolver/binding-linux-arm64-gnu@11.16.2':
    resolution: {integrity: sha512-xlMh4gNtplNQEwuF5icm69udC7un0WyzT5ywOeHrPMEsghKnLjXok2wZgAA7ocTm9+JsI+nVXIQa5XO1x+HPQg==}
    cpu: [arm64]
    os: [linux]

  '@oxc-resolver/binding-linux-arm64-musl@11.16.2':
    resolution: {integrity: sha512-OZs33QTMi0xmHv/4P0+RAKXJTBk7UcMH5tpTaCytWRXls/DGaJ48jOHmriQGK2YwUqXl+oneuNyPOUO0obJ+Hg==}
    cpu: [arm64]
    os: [linux]

  '@oxc-resolver/binding-linux-ppc64-gnu@11.16.2':
    resolution: {integrity: sha512-UVyuhaV32dJGtF6fDofOcBstg9JwB2Jfnjfb8jGlu3xcG+TsubHRhuTwQ6JZ1sColNT1nMxBiu7zdKUEZi1kwg==}
    cpu: [ppc64]
    os: [linux]

  '@oxc-resolver/binding-linux-riscv64-gnu@11.16.2':
    resolution: {integrity: sha512-YZZS0yv2q5nE1uL/Fk4Y7m9018DSEmDNSG8oJzy1TJjA1jx5HL52hEPxi98XhU6OYhSO/vC1jdkJeE8TIHugug==}
    cpu: [riscv64]
    os: [linux]

  '@oxc-resolver/binding-linux-riscv64-musl@11.16.2':
    resolution: {integrity: sha512-9VYuypwtx4kt1lUcwJAH4dPmgJySh4/KxtAPdRoX2BTaZxVm/yEXHq0mnl/8SEarjzMvXKbf7Cm6UBgptm3DZw==}
    cpu: [riscv64]
    os: [linux]

  '@oxc-resolver/binding-linux-s390x-gnu@11.16.2':
    resolution: {integrity: sha512-3gbwQ+xlL5gpyzgSDdC8B4qIM4mZaPDLaFOi3c/GV7CqIdVJc5EZXW4V3T6xwtPBOpXPXfqQLbhTnUD4SqwJtA==}
    cpu: [s390x]
    os: [linux]

  '@oxc-resolver/binding-linux-x64-gnu@11.16.2':
    resolution: {integrity: sha512-m0WcK0j54tSwWa+hQaJMScZdWneqE7xixp/vpFqlkbhuKW9dRHykPAFvSYg1YJ3MJgu9ZzVNpYHhPKJiEQq57Q==}
    cpu: [x64]
    os: [linux]

  '@oxc-resolver/binding-linux-x64-musl@11.16.2':
    resolution: {integrity: sha512-ZjUm3w96P2t47nWywGwj1A2mAVBI/8IoS7XHhcogWCfXnEI3M6NPIRQPYAZW4s5/u3u6w1uPtgOwffj2XIOb/g==}
    cpu: [x64]
    os: [linux]

  '@oxc-resolver/binding-openharmony-arm64@11.16.2':
    resolution: {integrity: sha512-OFVQ2x3VenTp13nIl6HcQ/7dmhFmM9dg2EjKfHcOtYfrVLQdNR6THFU7GkMdmc8DdY1zLUeilHwBIsyxv5hkwQ==}
    cpu: [arm64]
    os: [openharmony]

  '@oxc-resolver/binding-wasm32-wasi@11.16.2':
    resolution: {integrity: sha512-+O1sY3RrGyA2AqDnd3yaDCsqZqCblSTEpY7TbbaOaw0X7iIbGjjRLdrQk9StG3QSiZuBy9FdFwotIiSXtwvbAQ==}
    engines: {node: '>=14.0.0'}
    cpu: [wasm32]

  '@oxc-resolver/binding-win32-arm64-msvc@11.16.2':
    resolution: {integrity: sha512-jMrMJL+fkx6xoSMFPOeyQ1ctTFjavWPOSZEKUY5PebDwQmC9cqEr4LhdTnGsOtFrWYLXlEU4xWeMdBoc/XKkOA==}
    cpu: [arm64]
    os: [win32]

  '@oxc-resolver/binding-win32-ia32-msvc@11.16.2':
    resolution: {integrity: sha512-tl0xDA5dcQplG2yg2ZhgVT578dhRFafaCfyqMEAXq8KNpor85nJ53C3PLpfxD2NKzPioFgWEexNsjqRi+kW2Mg==}
    cpu: [ia32]
    os: [win32]

  '@oxc-resolver/binding-win32-x64-msvc@11.16.2':
    resolution: {integrity: sha512-M7z0xjYQq1HdJk2DxTSLMvRMyBSI4wn4FXGcVQBsbAihgXevAReqwMdb593nmCK/OiFwSNcOaGIzUvzyzQ+95w==}
    cpu: [x64]
    os: [win32]

  '@oxc-transform/binding-android-arm-eabi@0.107.0':
    resolution: {integrity: sha512-YFAKgq4NuyAEf1goTaFO+Bd8KBJO6Q4nhYqV/BTZxw4gKI18AGyfZbgbdTxP8ezgGYOjlVLoHsCUaHCXMyLTyQ==}
    engines: {node: ^20.19.0 || >=22.12.0}
    cpu: [arm]
    os: [android]

  '@oxc-transform/binding-android-arm64@0.107.0':
    resolution: {integrity: sha512-5dlfce4fLp8yaGOpKG8xQ2GaovyqbEc4cKysajNeh+4zWh5QukY+xZgSRqGky0dJAdljf1u2G+aHFKpFSJZROg==}
    engines: {node: ^20.19.0 || >=22.12.0}
    cpu: [arm64]
    os: [android]

  '@oxc-transform/binding-darwin-arm64@0.107.0':
    resolution: {integrity: sha512-/sYLVFQdwBZy+OOUwEC3Z54EcUKhZclkORkPLSKTqid9u7kV8shjIzRlYvmvkjSiXcAfrjTnKQQW7JdP7b4pgA==}
    engines: {node: ^20.19.0 || >=22.12.0}
    cpu: [arm64]
    os: [darwin]

  '@oxc-transform/binding-darwin-x64@0.107.0':
    resolution: {integrity: sha512-l+p38Dn7x3QkMEL8nMN3qcrWihe0738fKCuOdP8Ol+U9eUxqmCubBr/tT7eTkYomI7wmKt0mmUNAnBtEMsP8Hw==}
    engines: {node: ^20.19.0 || >=22.12.0}
    cpu: [x64]
    os: [darwin]

  '@oxc-transform/binding-freebsd-x64@0.107.0':
    resolution: {integrity: sha512-Jf6j/+IhBWzJ+S0VkBF6ORS+CcedYdcpNJNkNUZZmKHPKWH0koygA7uzvBAk4aCOOHrWJ9SvtMNMpX+eXJl0rQ==}
    engines: {node: ^20.19.0 || >=22.12.0}
    cpu: [x64]
    os: [freebsd]

  '@oxc-transform/binding-linux-arm-gnueabihf@0.107.0':
    resolution: {integrity: sha512-Sj5c+tNANJ5dXeaw1OoYM7uak6QrOrHXDvCsmgTzpKulkInTRjt0Fox244jXHoI1mI7oy2Ql6BGxVUPSgjKdBg==}
    engines: {node: ^20.19.0 || >=22.12.0}
    cpu: [arm]
    os: [linux]

  '@oxc-transform/binding-linux-arm-musleabihf@0.107.0':
    resolution: {integrity: sha512-8QL0Z6oY6/WyMBigD2lxHDd0QZ1l4BScwbbbIgd9TCHYIU30yKebG1lhZjjYGCDwHMIRZGIkWe3QkMqekrQcog==}
    engines: {node: ^20.19.0 || >=22.12.0}
    cpu: [arm]
    os: [linux]

  '@oxc-transform/binding-linux-arm64-gnu@0.107.0':
    resolution: {integrity: sha512-4JO63MC0GFvRKWCr/HOuYJiC3his5Def1rQHKlvsnoso4hWoFMFe8ovlZwbQGyInOGoh+AzneWTrPHxWZPL8cA==}
    engines: {node: ^20.19.0 || >=22.12.0}
    cpu: [arm64]
    os: [linux]

  '@oxc-transform/binding-linux-arm64-musl@0.107.0':
    resolution: {integrity: sha512-BEhpjsw2itpJFvBoGWbuyqe7yIroOhPrpjXkYXmLG4ITXyfh6DxOGddpwD5YiIbGcJwct6CAufb6SKrym7wA4g==}
    engines: {node: ^20.19.0 || >=22.12.0}
    cpu: [arm64]
    os: [linux]

  '@oxc-transform/binding-linux-ppc64-gnu@0.107.0':
    resolution: {integrity: sha512-Ksqr9UcoURU3ZrNUQrkZUlsQ9pta+X0E2Sspt7PY7GXFRUU8jqde/pabdega1EyxbG26KtEmQWITZC7uMnNMKQ==}
    engines: {node: ^20.19.0 || >=22.12.0}
    cpu: [ppc64]
    os: [linux]

  '@oxc-transform/binding-linux-riscv64-gnu@0.107.0':
    resolution: {integrity: sha512-abM06UUQc5BLs1LQj6+o+UZr3GR815gMnh82aI0ij+TuPuan355rNJyewySic+IjLi35DzwzTNl6ooDYDMKSJw==}
    engines: {node: ^20.19.0 || >=22.12.0}
    cpu: [riscv64]
    os: [linux]

  '@oxc-transform/binding-linux-riscv64-musl@0.107.0':
    resolution: {integrity: sha512-Ien3+97MmPMoOv0AMO6dE5rPwxRFBWzLIADZQf+aBLkSoPwuh7lduFsKZRIdRqhwwUbOrTzMezl9nxpiXlJxPw==}
    engines: {node: ^20.19.0 || >=22.12.0}
    cpu: [riscv64]
    os: [linux]

  '@oxc-transform/binding-linux-s390x-gnu@0.107.0':
    resolution: {integrity: sha512-hYIDp9tX2gqOPxHZQAUCnYdSLzyJFD4S0bDQi0nHktxWvDeThK4W2He0sA480F9hDzebtfPORcMekJadIkgX2w==}
    engines: {node: ^20.19.0 || >=22.12.0}
    cpu: [s390x]
    os: [linux]

  '@oxc-transform/binding-linux-x64-gnu@0.107.0':
    resolution: {integrity: sha512-Pjx7vE0Eg7XjVWNPZ7NYRKE7IKWiC2JX4rxNnjFsVy9zmMzC2PWFVDve5Aqbir6V5xEQP0AT65mmrSpCvxoZyw==}
    engines: {node: ^20.19.0 || >=22.12.0}
    cpu: [x64]
    os: [linux]

  '@oxc-transform/binding-linux-x64-musl@0.107.0':
    resolution: {integrity: sha512-ae4jiBdaCcXVLUA7sF438QasbK4SsuJ0LrXEojjWzssnqSvVHAE77Ljm/UMkb/TaUpzVN6cc0rOZyblHu9WJtw==}
    engines: {node: ^20.19.0 || >=22.12.0}
    cpu: [x64]
    os: [linux]

  '@oxc-transform/binding-openharmony-arm64@0.107.0':
    resolution: {integrity: sha512-C5LOVOMZIzXQqfkBrYsJSZoP8XshdYiS+fZFY89pqhxN5Gur9P9ohMEmI4HHTyGHLTHr0NpgNNy9gczmFNjifg==}
    engines: {node: ^20.19.0 || >=22.12.0}
    cpu: [arm64]
    os: [openharmony]

  '@oxc-transform/binding-wasm32-wasi@0.107.0':
    resolution: {integrity: sha512-8mvH8OBy1XRaz64Rv5oRqneQBS+OnJft8RdfUu7cMvY6egbRs6fmgR7eK09v8I1IOd2NjNZh4ceDVzTJY8RoRQ==}
    engines: {node: '>=14.0.0'}
    cpu: [wasm32]

  '@oxc-transform/binding-win32-arm64-msvc@0.107.0':
    resolution: {integrity: sha512-QkNUn164eM+ZFhcqwEWEa1fdDu0bMMouUc7sOge9Tz1Rrtdh9pyRY/Py6ueXNahgKfdl+OSAdvx2R5Ovs/TXCA==}
    engines: {node: ^20.19.0 || >=22.12.0}
    cpu: [arm64]
    os: [win32]

  '@oxc-transform/binding-win32-ia32-msvc@0.107.0':
    resolution: {integrity: sha512-moocSOxVOhyGJ/aMEsnu/5m42igKzS1WW0xfO11XYhpT39Jy965s92u4c3F8ExtutJQSYwrZRPG0tXqIImFHpw==}
    engines: {node: ^20.19.0 || >=22.12.0}
    cpu: [ia32]
    os: [win32]

  '@oxc-transform/binding-win32-x64-msvc@0.107.0':
    resolution: {integrity: sha512-dz/yY+c4832akxvhoBIfHP6RddERWZatQ5nXPBip79kioIHgwYWCm3To7PgAcbT+cMbuVm4TZCgWlvdSZs4C1w==}
    engines: {node: ^20.19.0 || >=22.12.0}
    cpu: [x64]
    os: [win32]

  '@rollup/pluginutils@5.3.0':
    resolution: {integrity: sha512-5EdhGZtnu3V88ces7s53hhfK5KSASnJZv8Lulpc04cWO3REESroJXg73DFsOmgbU2BhwV0E20bu2IDZb3VKW4Q==}
    engines: {node: '>=14.0.0'}
    peerDependencies:
      rollup: ^1.20.0||^2.0.0||^3.0.0||^4.0.0
    peerDependenciesMeta:
      rollup:
        optional: true

  '@rollup/rollup-android-arm-eabi@4.57.1':
    resolution: {integrity: sha512-A6ehUVSiSaaliTxai040ZpZ2zTevHYbvu/lDoeAteHI8QnaosIzm4qwtezfRg1jOYaUmnzLX1AOD6Z+UJjtifg==}
    cpu: [arm]
    os: [android]

  '@rollup/rollup-android-arm64@4.57.1':
    resolution: {integrity: sha512-dQaAddCY9YgkFHZcFNS/606Exo8vcLHwArFZ7vxXq4rigo2bb494/xKMMwRRQW6ug7Js6yXmBZhSBRuBvCCQ3w==}
    cpu: [arm64]
    os: [android]

  '@rollup/rollup-darwin-arm64@4.57.1':
    resolution: {integrity: sha512-crNPrwJOrRxagUYeMn/DZwqN88SDmwaJ8Cvi/TN1HnWBU7GwknckyosC2gd0IqYRsHDEnXf328o9/HC6OkPgOg==}
    cpu: [arm64]
    os: [darwin]

  '@rollup/rollup-darwin-x64@4.57.1':
    resolution: {integrity: sha512-Ji8g8ChVbKrhFtig5QBV7iMaJrGtpHelkB3lsaKzadFBe58gmjfGXAOfI5FV0lYMH8wiqsxKQ1C9B0YTRXVy4w==}
    cpu: [x64]
    os: [darwin]

  '@rollup/rollup-freebsd-arm64@4.57.1':
    resolution: {integrity: sha512-R+/WwhsjmwodAcz65guCGFRkMb4gKWTcIeLy60JJQbXrJ97BOXHxnkPFrP+YwFlaS0m+uWJTstrUA9o+UchFug==}
    cpu: [arm64]
    os: [freebsd]

  '@rollup/rollup-freebsd-x64@4.57.1':
    resolution: {integrity: sha512-IEQTCHeiTOnAUC3IDQdzRAGj3jOAYNr9kBguI7MQAAZK3caezRrg0GxAb6Hchg4lxdZEI5Oq3iov/w/hnFWY9Q==}
    cpu: [x64]
    os: [freebsd]

  '@rollup/rollup-linux-arm-gnueabihf@4.57.1':
    resolution: {integrity: sha512-F8sWbhZ7tyuEfsmOxwc2giKDQzN3+kuBLPwwZGyVkLlKGdV1nvnNwYD0fKQ8+XS6hp9nY7B+ZeK01EBUE7aHaw==}
    cpu: [arm]
    os: [linux]

  '@rollup/rollup-linux-arm-musleabihf@4.57.1':
    resolution: {integrity: sha512-rGfNUfn0GIeXtBP1wL5MnzSj98+PZe/AXaGBCRmT0ts80lU5CATYGxXukeTX39XBKsxzFpEeK+Mrp9faXOlmrw==}
    cpu: [arm]
    os: [linux]

  '@rollup/rollup-linux-arm64-gnu@4.57.1':
    resolution: {integrity: sha512-MMtej3YHWeg/0klK2Qodf3yrNzz6CGjo2UntLvk2RSPlhzgLvYEB3frRvbEF2wRKh1Z2fDIg9KRPe1fawv7C+g==}
    cpu: [arm64]
    os: [linux]

  '@rollup/rollup-linux-arm64-musl@4.57.1':
    resolution: {integrity: sha512-1a/qhaaOXhqXGpMFMET9VqwZakkljWHLmZOX48R0I/YLbhdxr1m4gtG1Hq7++VhVUmf+L3sTAf9op4JlhQ5u1Q==}
    cpu: [arm64]
    os: [linux]

  '@rollup/rollup-linux-loong64-gnu@4.57.1':
    resolution: {integrity: sha512-QWO6RQTZ/cqYtJMtxhkRkidoNGXc7ERPbZN7dVW5SdURuLeVU7lwKMpo18XdcmpWYd0qsP1bwKPf7DNSUinhvA==}
    cpu: [loong64]
    os: [linux]

  '@rollup/rollup-linux-loong64-musl@4.57.1':
    resolution: {integrity: sha512-xpObYIf+8gprgWaPP32xiN5RVTi/s5FCR+XMXSKmhfoJjrpRAjCuuqQXyxUa/eJTdAE6eJ+KDKaoEqjZQxh3Gw==}
    cpu: [loong64]
    os: [linux]

  '@rollup/rollup-linux-ppc64-gnu@4.57.1':
    resolution: {integrity: sha512-4BrCgrpZo4hvzMDKRqEaW1zeecScDCR+2nZ86ATLhAoJ5FQ+lbHVD3ttKe74/c7tNT9c6F2viwB3ufwp01Oh2w==}
    cpu: [ppc64]
    os: [linux]

  '@rollup/rollup-linux-ppc64-musl@4.57.1':
    resolution: {integrity: sha512-NOlUuzesGauESAyEYFSe3QTUguL+lvrN1HtwEEsU2rOwdUDeTMJdO5dUYl/2hKf9jWydJrO9OL/XSSf65R5+Xw==}
    cpu: [ppc64]
    os: [linux]

  '@rollup/rollup-linux-riscv64-gnu@4.57.1':
    resolution: {integrity: sha512-ptA88htVp0AwUUqhVghwDIKlvJMD/fmL/wrQj99PRHFRAG6Z5nbWoWG4o81Nt9FT+IuqUQi+L31ZKAFeJ5Is+A==}
    cpu: [riscv64]
    os: [linux]

  '@rollup/rollup-linux-riscv64-musl@4.57.1':
    resolution: {integrity: sha512-S51t7aMMTNdmAMPpBg7OOsTdn4tySRQvklmL3RpDRyknk87+Sp3xaumlatU+ppQ+5raY7sSTcC2beGgvhENfuw==}
    cpu: [riscv64]
    os: [linux]

  '@rollup/rollup-linux-s390x-gnu@4.57.1':
    resolution: {integrity: sha512-Bl00OFnVFkL82FHbEqy3k5CUCKH6OEJL54KCyx2oqsmZnFTR8IoNqBF+mjQVcRCT5sB6yOvK8A37LNm/kPJiZg==}
    cpu: [s390x]
    os: [linux]

  '@rollup/rollup-linux-x64-gnu@4.57.1':
    resolution: {integrity: sha512-ABca4ceT4N+Tv/GtotnWAeXZUZuM/9AQyCyKYyKnpk4yoA7QIAuBt6Hkgpw8kActYlew2mvckXkvx0FfoInnLg==}
    cpu: [x64]
    os: [linux]

  '@rollup/rollup-linux-x64-musl@4.57.1':
    resolution: {integrity: sha512-HFps0JeGtuOR2convgRRkHCekD7j+gdAuXM+/i6kGzQtFhlCtQkpwtNzkNj6QhCDp7DRJ7+qC/1Vg2jt5iSOFw==}
    cpu: [x64]
    os: [linux]

  '@rollup/rollup-openbsd-x64@4.57.1':
    resolution: {integrity: sha512-H+hXEv9gdVQuDTgnqD+SQffoWoc0Of59AStSzTEj/feWTBAnSfSD3+Dql1ZruJQxmykT/JVY0dE8Ka7z0DH1hw==}
    cpu: [x64]
    os: [openbsd]

  '@rollup/rollup-openharmony-arm64@4.57.1':
    resolution: {integrity: sha512-4wYoDpNg6o/oPximyc/NG+mYUejZrCU2q+2w6YZqrAs2UcNUChIZXjtafAiiZSUc7On8v5NyNj34Kzj/Ltk6dQ==}
    cpu: [arm64]
    os: [openharmony]

  '@rollup/rollup-win32-arm64-msvc@4.57.1':
    resolution: {integrity: sha512-O54mtsV/6LW3P8qdTcamQmuC990HDfR71lo44oZMZlXU4tzLrbvTii87Ni9opq60ds0YzuAlEr/GNwuNluZyMQ==}
    cpu: [arm64]
    os: [win32]

  '@rollup/rollup-win32-ia32-msvc@4.57.1':
    resolution: {integrity: sha512-P3dLS+IerxCT/7D2q2FYcRdWRl22dNbrbBEtxdWhXrfIMPP9lQhb5h4Du04mdl5Woq05jVCDPCMF7Ub0NAjIew==}
    cpu: [ia32]
    os: [win32]

  '@rollup/rollup-win32-x64-gnu@4.57.1':
    resolution: {integrity: sha512-VMBH2eOOaKGtIJYleXsi2B8CPVADrh+TyNxJ4mWPnKfLB/DBUmzW+5m1xUrcwWoMfSLagIRpjUFeW5CO5hyciQ==}
    cpu: [x64]
    os: [win32]

  '@rollup/rollup-win32-x64-msvc@4.57.1':
    resolution: {integrity: sha512-mxRFDdHIWRxg3UfIIAwCm6NzvxG0jDX/wBN6KsQFTvKFqqg9vTrWUE68qEjHt19A5wwx5X5aUi2zuZT7YR0jrA==}
    cpu: [x64]
    os: [win32]

  '@startracex/dev-config@0.6.0':
    resolution: {integrity: sha512-litvZCMbJEyrZv5SGhwN9cypUwlmhsUmTJutM3VMWR5170Mg44jj9Zd3GPuqg0SJzhJflzWkIbQWXYrpS6wwsg==}

  '@tybys/wasm-util@0.10.1':
    resolution: {integrity: sha512-9tTaPJLSiejZKx+Bmog4uSubteqTvFrVrURwkmHixBo0G4seD0zUxp98E1DzUBJxLQ3NPwXrGKDiVjwx/DpPsg==}

  '@types/estree@1.0.8':
    resolution: {integrity: sha512-dWHzHa2WqEXI/O1E9OjrocMTKJl2mSrEolh1Iomrv6U+JuNwaHXsXx9bLu5gG7BUWFIN0skIQJQ/L1rIex4X6w==}

  '@types/node@25.2.0':
    resolution: {integrity: sha512-DZ8VwRFUNzuqJ5khrvwMXHmvPe+zGayJhr2CDNiKB1WBE1ST8Djl00D0IC4vvNmHMdj6DlbYRIaFE7WHjlDl5w==}

  cjs-shim@1.1.0:
    resolution: {integrity: sha512-xaY+NWpAADMD48oGFRutsagTS+3R7XSQhP4YXW3OtzCQFpH99ZN3e25XaC0klDwTfgaM7ZoYWO/dL8ydQiJ5Yw==}

  dprint@0.51.1:
    resolution: {integrity: sha512-CEx+wYARxLAe9o7RCZ77GKae6DF7qjn5Rd98xbWdA3hB4PFBr+kHwLANmNHscNumBAIrCg5ZJj/Kz+OYbJ+GBA==}
    hasBin: true

  estree-walker@2.0.2:
    resolution: {integrity: sha512-Rfkk/Mp/DL7JVje3u18FxFujQlTNR2q6QfMSMB7AvCBx91NGj/ba3kCfza0f6dVDbw7YlRf/nDrn7pQrCCyQ/w==}

  fsevents@2.3.3:
    resolution: {integrity: sha512-5xoDfX+fL7faATnagmWPpbFtwh/R77WmMMqqHGS65C3vvB0YHrgF+B1YmZ3441tMj5n63k0212XNoJwzlhffQw==}
    engines: {node: ^8.16.0 || ^10.6.0 || >=11.0.0}
    os: [darwin]

  magic-string@0.30.21:
    resolution: {integrity: sha512-vd2F4YUyEXKGcLHoq+TEyCjxueSeHnFxyyjNp80yg0XV4vUhnDer/lvvlqM/arB5bXQN5K2/3oinyCRyx8T2CQ==}

  oxc-minify@0.107.0:
    resolution: {integrity: sha512-XNUrQWpMXAqSh8PLAkNIzoDmD7aTy6HBnCSlL/HBEAQq0xN2QE9Bs9hjYIoYAQAW8PlKV0B4fMzQr1u2B+o3JA==}
    engines: {node: ^20.19.0 || >=22.12.0}

  oxc-resolver@11.16.2:
    resolution: {integrity: sha512-Uy76u47vwhhF7VAmVY61Srn+ouiOobf45MU9vGct9GD2ARy6hKoqEElyHDB0L+4JOM6VLuZ431KiLwyjI/A21g==}

  oxc-transform@0.107.0:
    resolution: {integrity: sha512-vAjfqpgIIndkXjDChfvScPcRytpYkOcARhaqi6n85Op+dMRqa3ZvavMFQSZejG1Oc0nht0P8bZFZlCFKQqNIqw==}
    engines: {node: ^20.19.0 || >=22.12.0}

  picomatch@4.0.3:
    resolution: {integrity: sha512-5gTmgEY/sqK6gFXLIsQNH19lWb4ebPDLA4SdLP7dsWkIXHWlG66oPuVvXSGFPppYZz8ZDZq0dYYrbHfBCVUb1Q==}
    engines: {node: '>=12'}

  rollup-plugin-cjs-shim@2.0.0:
    resolution: {integrity: sha512-wbSXChJj2sJK8DIpI8XZsHfYgtKDBlXqURjcEtMILq4mVv6ICJ5ZZGxL86VWL6qebSsKiYp+ABBHWo+FRmGZJg==}

  rollup-plugin-oxc@0.7.1:
    resolution: {integrity: sha512-ABKGbALXewXCbEVE6Ha0Gluj+FiMulSwXUjIW+0BlXE/piT+xGsWBbhPaLnpGDryq1OGgJUROmr7LIUGQU4U9w==}

  rollup@4.57.1:
    resolution: {integrity: sha512-oQL6lgK3e2QZeQ7gcgIkS2YZPg5slw37hYufJ3edKlfQSGGm8ICoxswK15ntSzF/a8+h7ekRy7k7oWc3BQ7y8A==}
    engines: {node: '>=18.0.0', npm: '>=8.0.0'}
    hasBin: true

  tsconfck@3.1.6:
    resolution: {integrity: sha512-ks6Vjr/jEw0P1gmOVwutM3B7fWxoWBL2KRDb1JfqGVawBmO5UsvmWOQFGHBPl5yxYz4eERr19E6L7NMv+Fej4w==}
    engines: {node: ^18 || >=20}
    hasBin: true
    peerDependencies:
      typescript: ^5.0.0
    peerDependenciesMeta:
      typescript:
        optional: true

  tsconfig-migrate@0.2.0:
    resolution: {integrity: sha512-+VeZSiIPZ3FmEf5kyTnjVvjgzXKmLsYROuvrW+y+eY5tjLQ3iE1ZR2C0mdrrJ1SP3a3359XsJiF8MDOX5DCCow==}

  tslib@2.8.1:
    resolution: {integrity: sha512-oJFu94HQb+KVduSUQL7wnpmqnfmLsOA/nAh6b6EH0wCEoK0/mPeXU6c3wKDV83MkOuHPRHtSXKKU99IBazS/2w==}

  typescript@5.9.3:
    resolution: {integrity: sha512-jl1vZzPDinLr9eUt3J/t7V6FgNEw9QjvBPdysz9KfQDD41fQrC2Y4vKQdiaUpFT4bXlb1RHhLpp8wtm6M5TgSw==}
    engines: {node: '>=14.17'}
    hasBin: true

  undici-types@7.16.0:
    resolution: {integrity: sha512-Zz+aZWSj8LE6zoxD+xrjh4VfkIG8Ya6LvYkZqtUQGJPZjYl53ypCaUwWqo7eI0x66KBGeRo+mlBEkMSeSZ38Nw==}

snapshots:

  '@dprint/darwin-arm64@0.51.1':
    optional: true

  '@dprint/darwin-x64@0.51.1':
    optional: true

  '@dprint/linux-arm64-glibc@0.51.1':
    optional: true

  '@dprint/linux-arm64-musl@0.51.1':
    optional: true

  '@dprint/linux-loong64-glibc@0.51.1':
    optional: true

  '@dprint/linux-loong64-musl@0.51.1':
    optional: true

  '@dprint/linux-riscv64-glibc@0.51.1':
    optional: true

  '@dprint/linux-x64-glibc@0.51.1':
    optional: true

  '@dprint/linux-x64-musl@0.51.1':
    optional: true

  '@dprint/win32-arm64@0.51.1':
    optional: true

  '@dprint/win32-x64@0.51.1':
    optional: true

  '@emnapi/core@1.8.1':
    dependencies:
      '@emnapi/wasi-threads': 1.1.0
      tslib: 2.8.1
    optional: true

  '@emnapi/runtime@1.8.1':
    dependencies:
      tslib: 2.8.1
    optional: true

  '@emnapi/wasi-threads@1.1.0':
    dependencies:
      tslib: 2.8.1
    optional: true

  '@jridgewell/sourcemap-codec@1.5.5': {}

  '@napi-rs/wasm-runtime@1.1.1':
    dependencies:
      '@emnapi/core': 1.8.1
      '@emnapi/runtime': 1.8.1
      '@tybys/wasm-util': 0.10.1
    optional: true

  '@oxc-minify/binding-android-arm-eabi@0.107.0':
    optional: true

  '@oxc-minify/binding-android-arm64@0.107.0':
    optional: true

  '@oxc-minify/binding-darwin-arm64@0.107.0':
    optional: true

  '@oxc-minify/binding-darwin-x64@0.107.0':
    optional: true

  '@oxc-minify/binding-freebsd-x64@0.107.0':
    optional: true

  '@oxc-minify/binding-linux-arm-gnueabihf@0.107.0':
    optional: true

  '@oxc-minify/binding-linux-arm-musleabihf@0.107.0':
    optional: true

  '@oxc-minify/binding-linux-arm64-gnu@0.107.0':
    optional: true

  '@oxc-minify/binding-linux-arm64-musl@0.107.0':
    optional: true

  '@oxc-minify/binding-linux-ppc64-gnu@0.107.0':
    optional: true

  '@oxc-minify/binding-linux-riscv64-gnu@0.107.0':
    optional: true

  '@oxc-minify/binding-linux-riscv64-musl@0.107.0':
    optional: true

  '@oxc-minify/binding-linux-s390x-gnu@0.107.0':
    optional: true

  '@oxc-minify/binding-linux-x64-gnu@0.107.0':
    optional: true

  '@oxc-minify/binding-linux-x64-musl@0.107.0':
    optional: true

  '@oxc-minify/binding-openharmony-arm64@0.107.0':
    optional: true

  '@oxc-minify/binding-wasm32-wasi@0.107.0':
    dependencies:
      '@napi-rs/wasm-runtime': 1.1.1
    optional: true

  '@oxc-minify/binding-win32-arm64-msvc@0.107.0':
    optional: true

  '@oxc-minify/binding-win32-ia32-msvc@0.107.0':
    optional: true

  '@oxc-minify/binding-win32-x64-msvc@0.107.0':
    optional: true

  '@oxc-resolver/binding-android-arm-eabi@11.16.2':
    optional: true

  '@oxc-resolver/binding-android-arm64@11.16.2':
    optional: true

  '@oxc-resolver/binding-darwin-arm64@11.16.2':
    optional: true

  '@oxc-resolver/binding-darwin-x64@11.16.2':
    optional: true

  '@oxc-resolver/binding-freebsd-x64@11.16.2':
    optional: true

  '@oxc-resolver/binding-linux-arm-gnueabihf@11.16.2':
    optional: true

  '@oxc-resolver/binding-linux-arm-musleabihf@11.16.2':
    optional: true

  '@oxc-resolver/binding-linux-arm64-gnu@11.16.2':
    optional: true

  '@oxc-resolver/binding-linux-arm64-musl@11.16.2':
    optional: true

  '@oxc-resolver/binding-linux-ppc64-gnu@11.16.2':
    optional: true

  '@oxc-resolver/binding-linux-riscv64-gnu@11.16.2':
    optional: true

  '@oxc-resolver/binding-linux-riscv64-musl@11.16.2':
    optional: true

  '@oxc-resolver/binding-linux-s390x-gnu@11.16.2':
    optional: true

  '@oxc-resolver/binding-linux-x64-gnu@11.16.2':
    optional: true

  '@oxc-resolver/binding-linux-x64-musl@11.16.2':
    optional: true

  '@oxc-resolver/binding-openharmony-arm64@11.16.2':
    optional: true

  '@oxc-resolver/binding-wasm32-wasi@11.16.2':
    dependencies:
      '@napi-rs/wasm-runtime': 1.1.1
    optional: true

  '@oxc-resolver/binding-win32-arm64-msvc@11.16.2':
    optional: true

  '@oxc-resolver/binding-win32-ia32-msvc@11.16.2':
    optional: true

  '@oxc-resolver/binding-win32-x64-msvc@11.16.2':
    optional: true

  '@oxc-transform/binding-android-arm-eabi@0.107.0':
    optional: true

  '@oxc-transform/binding-android-arm64@0.107.0':
    optional: true

  '@oxc-transform/binding-darwin-arm64@0.107.0':
    optional: true

  '@oxc-transform/binding-darwin-x64@0.107.0':
    optional: true

  '@oxc-transform/binding-freebsd-x64@0.107.0':
    optional: true

  '@oxc-transform/binding-linux-arm-gnueabihf@0.107.0':
    optional: true

  '@oxc-transform/binding-linux-arm-musleabihf@0.107.0':
    optional: true

  '@oxc-transform/binding-linux-arm64-gnu@0.107.0':
    optional: true

  '@oxc-transform/binding-linux-arm64-musl@0.107.0':
    optional: true

  '@oxc-transform/binding-linux-ppc64-gnu@0.107.0':
    optional: true

  '@oxc-transform/binding-linux-riscv64-gnu@0.107.0':
    optional: true

  '@oxc-transform/binding-linux-riscv64-musl@0.107.0':
    optional: true

  '@oxc-transform/binding-linux-s390x-gnu@0.107.0':
    optional: true

  '@oxc-transform/binding-linux-x64-gnu@0.107.0':
    optional: true

  '@oxc-transform/binding-linux-x64-musl@0.107.0':
    optional: true

  '@oxc-transform/binding-openharmony-arm64@0.107.0':
    optional: true

  '@oxc-transform/binding-wasm32-wasi@0.107.0':
    dependencies:
      '@napi-rs/wasm-runtime': 1.1.1
    optional: true

  '@oxc-transform/binding-win32-arm64-msvc@0.107.0':
    optional: true

  '@oxc-transform/binding-win32-ia32-msvc@0.107.0':
    optional: true

  '@oxc-transform/binding-win32-x64-msvc@0.107.0':
    optional: true

  '@rollup/pluginutils@5.3.0(rollup@4.57.1)':
    dependencies:
      '@types/estree': 1.0.8
      estree-walker: 2.0.2
      picomatch: 4.0.3
    optionalDependencies:
      rollup: 4.57.1

  '@rollup/rollup-android-arm-eabi@4.57.1':
    optional: true

  '@rollup/rollup-android-arm64@4.57.1':
    optional: true

  '@rollup/rollup-darwin-arm64@4.57.1':
    optional: true

  '@rollup/rollup-darwin-x64@4.57.1':
    optional: true

  '@rollup/rollup-freebsd-arm64@4.57.1':
    optional: true

  '@rollup/rollup-freebsd-x64@4.57.1':
    optional: true

  '@rollup/rollup-linux-arm-gnueabihf@4.57.1':
    optional: true

  '@rollup/rollup-linux-arm-musleabihf@4.57.1':
    optional: true

  '@rollup/rollup-linux-arm64-gnu@4.57.1':
    optional: true

  '@rollup/rollup-linux-arm64-musl@4.57.1':
    optional: true

  '@rollup/rollup-linux-loong64-gnu@4.57.1':
    optional: true

  '@rollup/rollup-linux-loong64-musl@4.57.1':
    optional: true

  '@rollup/rollup-linux-ppc64-gnu@4.57.1':
    optional: true

  '@rollup/rollup-linux-ppc64-musl@4.57.1':
    optional: true

  '@rollup/rollup-linux-riscv64-gnu@4.57.1':
    optional: true

  '@rollup/rollup-linux-riscv64-musl@4.57.1':
    optional: true

  '@rollup/rollup-linux-s390x-gnu@4.57.1':
    optional: true

  '@rollup/rollup-linux-x64-gnu@4.57.1':
    optional: true

  '@rollup/rollup-linux-x64-musl@4.57.1':
    optional: true

  '@rollup/rollup-openbsd-x64@4.57.1':
    optional: true

  '@rollup/rollup-openharmony-arm64@4.57.1':
    optional: true

  '@rollup/rollup-win32-arm64-msvc@4.57.1':
    optional: true

  '@rollup/rollup-win32-ia32-msvc@4.57.1':
    optional: true

  '@rollup/rollup-win32-x64-gnu@4.57.1':
    optional: true

  '@rollup/rollup-win32-x64-msvc@4.57.1':
    optional: true

  '@startracex/dev-config@0.6.0': {}

  '@tybys/wasm-util@0.10.1':
    dependencies:
      tslib: 2.8.1
    optional: true

  '@types/estree@1.0.8': {}

  '@types/node@25.2.0':
    dependencies:
      undici-types: 7.16.0

  cjs-shim@1.1.0:
    dependencies:
      magic-string: 0.30.21
      typescript: 5.9.3

  dprint@0.51.1:
    optionalDependencies:
      '@dprint/darwin-arm64': 0.51.1
      '@dprint/darwin-x64': 0.51.1
      '@dprint/linux-arm64-glibc': 0.51.1
      '@dprint/linux-arm64-musl': 0.51.1
      '@dprint/linux-loong64-glibc': 0.51.1
      '@dprint/linux-loong64-musl': 0.51.1
      '@dprint/linux-riscv64-glibc': 0.51.1
      '@dprint/linux-x64-glibc': 0.51.1
      '@dprint/linux-x64-musl': 0.51.1
      '@dprint/win32-arm64': 0.51.1
      '@dprint/win32-x64': 0.51.1

  estree-walker@2.0.2: {}

  fsevents@2.3.3:
    optional: true

  magic-string@0.30.21:
    dependencies:
      '@jridgewell/sourcemap-codec': 1.5.5

  oxc-minify@0.107.0:
    optionalDependencies:
      '@oxc-minify/binding-android-arm-eabi': 0.107.0
      '@oxc-minify/binding-android-arm64': 0.107.0
      '@oxc-minify/binding-darwin-arm64': 0.107.0
      '@oxc-minify/binding-darwin-x64': 0.107.0
      '@oxc-minify/binding-freebsd-x64': 0.107.0
      '@oxc-minify/binding-linux-arm-gnueabihf': 0.107.0
      '@oxc-minify/binding-linux-arm-musleabihf': 0.107.0
      '@oxc-minify/binding-linux-arm64-gnu': 0.107.0
      '@oxc-minify/binding-linux-arm64-musl': 0.107.0
      '@oxc-minify/binding-linux-ppc64-gnu': 0.107.0
      '@oxc-minify/binding-linux-riscv64-gnu': 0.107.0
      '@oxc-minify/binding-linux-riscv64-musl': 0.107.0
      '@oxc-minify/binding-linux-s390x-gnu': 0.107.0
      '@oxc-minify/binding-linux-x64-gnu': 0.107.0
      '@oxc-minify/binding-linux-x64-musl': 0.107.0
      '@oxc-minify/binding-openharmony-arm64': 0.107.0
      '@oxc-minify/binding-wasm32-wasi': 0.107.0
      '@oxc-minify/binding-win32-arm64-msvc': 0.107.0
      '@oxc-minify/binding-win32-ia32-msvc': 0.107.0
      '@oxc-minify/binding-win32-x64-msvc': 0.107.0

  oxc-resolver@11.16.2:
    optionalDependencies:
      '@oxc-resolver/binding-android-arm-eabi': 11.16.2
      '@oxc-resolver/binding-android-arm64': 11.16.2
      '@oxc-resolver/binding-darwin-arm64': 11.16.2
      '@oxc-resolver/binding-darwin-x64': 11.16.2
      '@oxc-resolver/binding-freebsd-x64': 11.16.2
      '@oxc-resolver/binding-linux-arm-gnueabihf': 11.16.2
      '@oxc-resolver/binding-linux-arm-musleabihf': 11.16.2
      '@oxc-resolver/binding-linux-arm64-gnu': 11.16.2
      '@oxc-resolver/binding-linux-arm64-musl': 11.16.2
      '@oxc-resolver/binding-linux-ppc64-gnu': 11.16.2
      '@oxc-resolver/binding-linux-riscv64-gnu': 11.16.2
      '@oxc-resolver/binding-linux-riscv64-musl': 11.16.2
      '@oxc-resolver/binding-linux-s390x-gnu': 11.16.2
      '@oxc-resolver/binding-linux-x64-gnu': 11.16.2
      '@oxc-resolver/binding-linux-x64-musl': 11.16.2
      '@oxc-resolver/binding-openharmony-arm64': 11.16.2
      '@oxc-resolver/binding-wasm32-wasi': 11.16.2
      '@oxc-resolver/binding-win32-arm64-msvc': 11.16.2
      '@oxc-resolver/binding-win32-ia32-msvc': 11.16.2
      '@oxc-resolver/binding-win32-x64-msvc': 11.16.2

  oxc-transform@0.107.0:
    optionalDependencies:
      '@oxc-transform/binding-android-arm-eabi': 0.107.0
      '@oxc-transform/binding-android-arm64': 0.107.0
      '@oxc-transform/binding-darwin-arm64': 0.107.0
      '@oxc-transform/binding-darwin-x64': 0.107.0
      '@oxc-transform/binding-freebsd-x64': 0.107.0
      '@oxc-transform/binding-linux-arm-gnueabihf': 0.107.0
      '@oxc-transform/binding-linux-arm-musleabihf': 0.107.0
      '@oxc-transform/binding-linux-arm64-gnu': 0.107.0
      '@oxc-transform/binding-linux-arm64-musl': 0.107.0
      '@oxc-transform/binding-linux-ppc64-gnu': 0.107.0
      '@oxc-transform/binding-linux-riscv64-gnu': 0.107.0
      '@oxc-transform/binding-linux-riscv64-musl': 0.107.0
      '@oxc-transform/binding-linux-s390x-gnu': 0.107.0
      '@oxc-transform/binding-linux-x64-gnu': 0.107.0
      '@oxc-transform/binding-linux-x64-musl': 0.107.0
      '@oxc-transform/binding-openharmony-arm64': 0.107.0
      '@oxc-transform/binding-wasm32-wasi': 0.107.0
      '@oxc-transform/binding-win32-arm64-msvc': 0.107.0
      '@oxc-transform/binding-win32-ia32-msvc': 0.107.0
      '@oxc-transform/binding-win32-x64-msvc': 0.107.0

  picomatch@4.0.3: {}

  rollup-plugin-cjs-shim@2.0.0(rollup@4.57.1):
    dependencies:
      '@rollup/pluginutils': 5.3.0(rollup@4.57.1)
      cjs-shim: 1.1.0
    transitivePeerDependencies:
      - rollup

  rollup-plugin-oxc@0.7.1(rollup@4.57.1)(typescript@5.9.3):
    dependencies:
      '@rollup/pluginutils': 5.3.0(rollup@4.57.1)
      oxc-minify: 0.107.0
      oxc-resolver: 11.16.2
      oxc-transform: 0.107.0
      tsconfck: 3.1.6(typescript@5.9.3)
      tsconfig-migrate: 0.2.0
    transitivePeerDependencies:
      - rollup
      - typescript

  rollup@4.57.1:
    dependencies:
      '@types/estree': 1.0.8
    optionalDependencies:
      '@rollup/rollup-android-arm-eabi': 4.57.1
      '@rollup/rollup-android-arm64': 4.57.1
      '@rollup/rollup-darwin-arm64': 4.57.1
      '@rollup/rollup-darwin-x64': 4.57.1
      '@rollup/rollup-freebsd-arm64': 4.57.1
      '@rollup/rollup-freebsd-x64': 4.57.1
      '@rollup/rollup-linux-arm-gnueabihf': 4.57.1
      '@rollup/rollup-linux-arm-musleabihf': 4.57.1
      '@rollup/rollup-linux-arm64-gnu': 4.57.1
      '@rollup/rollup-linux-arm64-musl': 4.57.1
      '@rollup/rollup-linux-loong64-gnu': 4.57.1
      '@rollup/rollup-linux-loong64-musl': 4.57.1
      '@rollup/rollup-linux-ppc64-gnu': 4.57.1
      '@rollup/rollup-linux-ppc64-musl': 4.57.1
      '@rollup/rollup-linux-riscv64-gnu': 4.57.1
      '@rollup/rollup-linux-riscv64-musl': 4.57.1
      '@rollup/rollup-linux-s390x-gnu': 4.57.1
      '@rollup/rollup-linux-x64-gnu': 4.57.1
      '@rollup/rollup-linux-x64-musl': 4.57.1
      '@rollup/rollup-openbsd-x64': 4.57.1
      '@rollup/rollup-openharmony-arm64': 4.57.1
      '@rollup/rollup-win32-arm64-msvc': 4.57.1
      '@rollup/rollup-win32-ia32-msvc': 4.57.1
      '@rollup/rollup-win32-x64-gnu': 4.57.1
      '@rollup/rollup-win32-x64-msvc': 4.57.1
      fsevents: 2.3.3

  tsconfck@3.1.6(typescript@5.9.3):
    optionalDependencies:
      typescript: 5.9.3

  tsconfig-migrate@0.2.0: {}

  tslib@2.8.1:
    optional: true

  typescript@5.9.3: {}

  undici-types@7.16.0: {}
