lockfileVersion: '9.0'

settings:
  autoInstallPeers: true
  excludeLinksFromLockfile: false

importers:

  .:
    devDependencies:
      '@startracex/dev-config':
        specifier: ^0.5.0
        version: 0.5.0
      '@types/node':
        specifier: ^24.10.1
        version: 24.10.1
      dprint:
        specifier: ^0.50.2
        version: 0.50.2
      rollup:
        specifier: ^4.53.3
        version: 4.53.3
      rollup-plugin-cjs-shim:
        specifier: ^2.0.0
        version: 2.0.0(rollup@4.53.3)
      rollup-plugin-oxc:
        specifier: ^0.7.0
        version: 0.7.0(rollup@4.53.3)(typescript@5.9.3)
      typescript:
        specifier: ^5.9.3
        version: 5.9.3

  npm: {}

packages:

  '@dprint/darwin-arm64@0.50.2':
    resolution: {integrity: sha512-4d08INZlTxbPW9LK9W8+93viN543/qA2Kxn4azVnPW/xCb2Im03UqJBz8mMm3nJZdtNnK3uTVG3ib1VW+XJisw==}
    cpu: [arm64]
    os: [darwin]

  '@dprint/darwin-x64@0.50.2':
    resolution: {integrity: sha512-ZXWPBwdLojhdBATq+bKwJvB7D8bIzrD6eR/Xuq9UYE7evQazUiR069d9NPF0iVuzTo6wNf9ub9SXI7qDl11EGA==}
    cpu: [x64]
    os: [darwin]

  '@dprint/linux-arm64-glibc@0.50.2':
    resolution: {integrity: sha512-marxQzRw8atXAnaawwZHeeUaaAVewrGTlFKKcDASGyjPBhc23J5fHPUPremm8xCbgYZyTlokzrV8/1rDRWhJcw==}
    cpu: [arm64]
    os: [linux]

  '@dprint/linux-arm64-musl@0.50.2':
    resolution: {integrity: sha512-oGDq44ydzo0ZkJk6RHcUzUN5sOMT5HC6WA8kHXI6tkAsLUkaLO2DzZFfW4aAYZUn+hYNpQfQD8iGew0sjkyLyg==}
    cpu: [arm64]
    os: [linux]

  '@dprint/linux-riscv64-glibc@0.50.2':
    resolution: {integrity: sha512-QMmZoZYWsXezDcC03fBOwPfxhTpPEyHqutcgJ0oauN9QcSXGji9NSZITMmtLz2Ki3T1MIvdaLd1goGzNSvNqTQ==}
    cpu: [riscv64]
    os: [linux]

  '@dprint/linux-x64-glibc@0.50.2':
    resolution: {integrity: sha512-KMeHEzb4teQJChTgq8HuQzc+reRNDnarOTGTQovAZ9WNjOtKLViftsKWW5HsnRHtP5nUIPE9rF1QLjJ/gUsqvw==}
    cpu: [x64]
    os: [linux]

  '@dprint/linux-x64-musl@0.50.2':
    resolution: {integrity: sha512-qM37T7H69g5coBTfE7SsA+KZZaRBky6gaUhPgAYxW+fOsoVtZSVkXtfTtQauHTpqqOEtbxfCtum70Hz1fr1teg==}
    cpu: [x64]
    os: [linux]

  '@dprint/win32-arm64@0.50.2':
    resolution: {integrity: sha512-kuGVHGoxLwssVDsodefUIYQRoO2fQncurH/xKgXiZwMPOSzFcgUzYJQiyqmJEp+PENhO9VT1hXUHZtlyCAWBUQ==}
    cpu: [arm64]
    os: [win32]

  '@dprint/win32-x64@0.50.2':
    resolution: {integrity: sha512-N3l9k31c3IMfVXqL0L6ygIhJFvCIrfQ+Z5Jph6RnCcBO6oDYWeYhAv/qBk1vLsF2y/e79TKsR1tvaEwnrQ03XA==}
    cpu: [x64]
    os: [win32]

  '@emnapi/core@1.7.0':
    resolution: {integrity: sha512-pJdKGq/1iquWYtv1RRSljZklxHCOCAJFJrImO5ZLKPJVJlVUcs8yFwNQlqS0Lo8xT1VAXXTCZocF9n26FWEKsw==}

  '@emnapi/runtime@1.7.0':
    resolution: {integrity: sha512-oAYoQnCYaQZKVS53Fq23ceWMRxq5EhQsE0x0RdQ55jT7wagMu5k+fS39v1fiSLrtrLQlXwVINenqhLMtTrV/1Q==}

  '@emnapi/wasi-threads@1.1.0':
    resolution: {integrity: sha512-WI0DdZ8xFSbgMjR1sFsKABJ/C5OnRrjT06JXbZKexJGrDuPTzZdDYfFlsgcCXCyf+suG5QU2e/y1Wo2V/OapLQ==}

  '@jridgewell/sourcemap-codec@1.5.5':
    resolution: {integrity: sha512-cYQ9310grqxueWbl+WuIUIaiUaDcj7WOq5fVhEljNVgRfOUhY9fy2zTvfoqWsnebh8Sl70VScFbICvJnLKB0Og==}

  '@napi-rs/wasm-runtime@1.0.7':
    resolution: {integrity: sha512-SeDnOO0Tk7Okiq6DbXmmBODgOAb9dp9gjlphokTUxmt8U3liIP1ZsozBahH69j/RJv+Rfs6IwUKHTgQYJ/HBAw==}

  '@oxc-minify/binding-android-arm64@0.82.3':
    resolution: {integrity: sha512-JXjyatA6ModXnFMJHUVFW+NAvdQzWbEU9qDdbu2MBhxOgwGWDHH6CnfeiMSkg1glBREn3qx0xr1/3dZu0FZPCw==}
    engines: {node: '>=14.0.0'}
    cpu: [arm64]
    os: [android]

  '@oxc-minify/binding-darwin-arm64@0.82.3':
    resolution: {integrity: sha512-Bl2WN19+UvAStjs1NspDFqEMgDXnf8htL9652hHODHnsN2qD98saGjlet2JOfsMWng80ZWhZa9YWA3ADdt+5ow==}
    engines: {node: '>=14.0.0'}
    cpu: [arm64]
    os: [darwin]

  '@oxc-minify/binding-darwin-x64@0.82.3':
    resolution: {integrity: sha512-n/wzCNZIoHAHMaR+JzBndnyITvy0DtQ6WgfltH0n+7BRe0YYirRHh3rT9QVfGlczmcMgyAsA+gc9VieYPqMEaQ==}
    engines: {node: '>=14.0.0'}
    cpu: [x64]
    os: [darwin]

  '@oxc-minify/binding-freebsd-x64@0.82.3':
    resolution: {integrity: sha512-pQlAe9iRS7i9CgNfsWdlM2Ti0H0zz8aAZNJc0ab+RUep2ffu72N0PYLTN1/Az6rBa6Hzh+RVGfC4/maOryaOGw==}
    engines: {node: '>=14.0.0'}
    cpu: [x64]
    os: [freebsd]

  '@oxc-minify/binding-linux-arm-gnueabihf@0.82.3':
    resolution: {integrity: sha512-0DM0C509brd3m7haGDYaevWk/N5EADtOSJOkJpZNjyOMta1ML4x0e5eKEg05jk6IFezcES25Ai8YKxIaZf+nbA==}
    engines: {node: '>=14.0.0'}
    cpu: [arm]
    os: [linux]

  '@oxc-minify/binding-linux-arm-musleabihf@0.82.3':
    resolution: {integrity: sha512-IAGzsgBctQdgF4EZxVkfk7RrXCqguiYJ5cQHULgmnBsR+mpaGyYzc7E7H1t9dhAPY/oA789/d2cM8lr99JcGwg==}
    engines: {node: '>=14.0.0'}
    cpu: [arm]
    os: [linux]

  '@oxc-minify/binding-linux-arm64-gnu@0.82.3':
    resolution: {integrity: sha512-D1ah5KXEZi+rOCNksNuZFATpMEPlT9+q5jA95E21nJDkTnEM+0iR9ZBE/oEdpzA4dbdm1NTNzoIiZTJc6IqvFg==}
    engines: {node: '>=14.0.0'}
    cpu: [arm64]
    os: [linux]

  '@oxc-minify/binding-linux-arm64-musl@0.82.3':
    resolution: {integrity: sha512-wdsgz14B7nrd9saLRoaAiA4XZlU7WnqdUo70CYgk/WJI1o7Su1vuAwwCCImBdG55djfTPgAJwFpNO+B/qn77Xw==}
    engines: {node: '>=14.0.0'}
    cpu: [arm64]
    os: [linux]

  '@oxc-minify/binding-linux-riscv64-gnu@0.82.3':
    resolution: {integrity: sha512-sCbXvBY/L5vtJD/VSTaof2A63NmlUjHIYbhJrQdwTEMnmOtt1GdoJpnXYs5tm7jJIm7saEcjOmVxG767RfdpLw==}
    engines: {node: '>=14.0.0'}
    cpu: [riscv64]
    os: [linux]

  '@oxc-minify/binding-linux-s390x-gnu@0.82.3':
    resolution: {integrity: sha512-G0kiw1dP9YzWB31XS8l9WKS22je6ZP3AEKQkIRlDMsfHkfqRXLQ9t7LN3CEDqzCjcVJsC5mFUT9YIOjbe9mQSA==}
    engines: {node: '>=14.0.0'}
    cpu: [s390x]
    os: [linux]

  '@oxc-minify/binding-linux-x64-gnu@0.82.3':
    resolution: {integrity: sha512-EbAoQC5szfhOGTUnbiF7i5ELrk5Rr612SfkHUdKPQD907EjPL3eyLMrjHyfmufTmAXscCOnNyiBYoi9KSw3w3g==}
    engines: {node: '>=14.0.0'}
    cpu: [x64]
    os: [linux]

  '@oxc-minify/binding-linux-x64-musl@0.82.3':
    resolution: {integrity: sha512-CjuwWojIlXPmzNQz0FtztCqn7CC1RCfM0eDVVBVaFbDypH8UfXbfVFVofSXopexy5iLklXyUbAjZIMgG//rqRQ==}
    engines: {node: '>=14.0.0'}
    cpu: [x64]
    os: [linux]

  '@oxc-minify/binding-wasm32-wasi@0.82.3':
    resolution: {integrity: sha512-ALskqbKN8z7PMAmj+45COPfUsYWabrJYPPmyJhq9sYBkhKY4Fn6irdnwVI15h8RS9DZxaMtgwViaVN8ctBp6Rw==}
    engines: {node: '>=14.0.0'}
    cpu: [wasm32]

  '@oxc-minify/binding-win32-arm64-msvc@0.82.3':
    resolution: {integrity: sha512-LekeqIadxk1yLO6J5JVYA6Rn5dolmErPuYtlWBpznnRXLdTv0NiRDP9BOf5Xapd9HQXKO+w5N0lx/lOvrfSJFQ==}
    engines: {node: '>=14.0.0'}
    cpu: [arm64]
    os: [win32]

  '@oxc-minify/binding-win32-x64-msvc@0.82.3':
    resolution: {integrity: sha512-HEnhheKJV+1Nmh5eZXUuj4NHbXCYoM9Nvp3vhqoySLzLfWXrxqNnUUviwz92ORm4hVMpuCV9e5T3Hq2MGf5u+w==}
    engines: {node: '>=14.0.0'}
    cpu: [x64]
    os: [win32]

  '@oxc-resolver/binding-android-arm-eabi@11.13.0':
    resolution: {integrity: sha512-lqaFg5bavNdDoRuQywS66hRk4M12m4kyT3cFpIXfFy6OpobOBeo6R+vJIXl3XRzCmDK58haIYfqTP3KBb3QFgQ==}
    cpu: [arm]
    os: [android]

  '@oxc-resolver/binding-android-arm64@11.13.0':
    resolution: {integrity: sha512-oLjhpGMKOT8lsqdof2tNSeb4tOi7zAGJHbGBe7pB/75mSDshs/7YbHG+zm35cwecQTBTXf9Ok4/gIbzX3YaRpw==}
    cpu: [arm64]
    os: [android]

  '@oxc-resolver/binding-darwin-arm64@11.13.0':
    resolution: {integrity: sha512-hPhssWhyzvlks6r4Cx3j7LUd5r7dnLdgOTSyfVpH978iv/a7dau2takuCZ0NU8/YQ+Gvjdl+Rm65ZTyzcAo2qA==}
    cpu: [arm64]
    os: [darwin]

  '@oxc-resolver/binding-darwin-x64@11.13.0':
    resolution: {integrity: sha512-8g1MxQNy0Wy4NbCxOetCZIP0fesCXxWPeJrekPdqYtCnoPuS28xIy0O/nmjj+mensjzrgHcHk9h35R45sLUOqA==}
    cpu: [x64]
    os: [darwin]

  '@oxc-resolver/binding-freebsd-x64@11.13.0':
    resolution: {integrity: sha512-A/BolJ2XbSrJRJjOewAlG7wcW9YE+9A+0d+g5Xc0+woEvpA0AfnrAT6aGQw9LlWBuswzI7HRetWg/cq8tHvWVw==}
    cpu: [x64]
    os: [freebsd]

  '@oxc-resolver/binding-linux-arm-gnueabihf@11.13.0':
    resolution: {integrity: sha512-w0nNUywfg/OVCVfcLMpzr5zH/d9JDzOt7H0fqD0PbMTizdcM/SP/gWziZ64rA8CmrUzhMdUEeeSiMoZn0CQ2Rg==}
    cpu: [arm]
    os: [linux]

  '@oxc-resolver/binding-linux-arm-musleabihf@11.13.0':
    resolution: {integrity: sha512-iVkhn/Vlo21DTZZgNO1JppGQUpMcU9C5FybVLeSwm3Z8h0XboYzgCs/rvaNg/HrHjGQJpID686TMqdCe0iPcRg==}
    cpu: [arm]
    os: [linux]

  '@oxc-resolver/binding-linux-arm64-gnu@11.13.0':
    resolution: {integrity: sha512-uhbth0AM9IZsKIKJS6esg+0xlMMiJsvr8hH/HIY3nUjW4elKLsBOj3MbgdOIBvWOg+edJ0FXM9h22riy254xBw==}
    cpu: [arm64]
    os: [linux]

  '@oxc-resolver/binding-linux-arm64-musl@11.13.0':
    resolution: {integrity: sha512-87J7aIXOXQ6VuvJU9BQHcpf/llHPKmHYkFgwTc6KyX9YJ6th1jr6z3Soi1F0/xs74Ay3/CSgtZ9UJRDAkx6kRA==}
    cpu: [arm64]
    os: [linux]

  '@oxc-resolver/binding-linux-ppc64-gnu@11.13.0':
    resolution: {integrity: sha512-qARWktXmpNO9raSxykwicNbcVIF8A0FrK0rtKCIds4FsBBr9M9lUPzG4BfZm/Qg4S4OnnQGQxFzmcnEiwBqjsg==}
    cpu: [ppc64]
    os: [linux]

  '@oxc-resolver/binding-linux-riscv64-gnu@11.13.0':
    resolution: {integrity: sha512-k3SNJQi1PiUvyzRPqLIl0jGST4pOUn6ISWvk9Gg28FPS+ng1XwWEEXV2sSKncLNgh/UKjv81LcNy8m17STJuRg==}
    cpu: [riscv64]
    os: [linux]

  '@oxc-resolver/binding-linux-riscv64-musl@11.13.0':
    resolution: {integrity: sha512-JPZhlZkJY5HUed0J13TttkzDs+J2DbE516MgSDCCKkYGTGPZ9Z1ZcOae1wOLYZOYoYVLzool1Bijt2eVVoLZ9Q==}
    cpu: [riscv64]
    os: [linux]

  '@oxc-resolver/binding-linux-s390x-gnu@11.13.0':
    resolution: {integrity: sha512-Qh69bTj4cinpemWwSfULn2dw0YZnNdOfD9/bT4+5yrCIemaloJ6rmj1p1TTPS1lvhvxuuAPVw4husR3Mp48Kew==}
    cpu: [s390x]
    os: [linux]

  '@oxc-resolver/binding-linux-x64-gnu@11.13.0':
    resolution: {integrity: sha512-GksRH4TxcnDxFeq+DmP+L/X7f6sTHO0sBHv4WVOXF9EESWLavbcrHMzOLCb1Hz9BecUVqXTfVhLHLgBZFQb2iQ==}
    cpu: [x64]
    os: [linux]

  '@oxc-resolver/binding-linux-x64-musl@11.13.0':
    resolution: {integrity: sha512-3lieqELuhnsjc6rAZiKYJaIKDCNNAsOt5wazi+/h1McaWB4VwKO0If6kI2gSvcs01u4XrIeDKNcR85JxzChYxA==}
    cpu: [x64]
    os: [linux]

  '@oxc-resolver/binding-wasm32-wasi@11.13.0':
    resolution: {integrity: sha512-FFX6UDhT9yVVsj7/HBpdUtVT589QavKNo9c/GyIyZhzJhZ33OIo0eHZewFF43sGsO+eixrrdt3hQlPfZ9ei+oA==}
    engines: {node: '>=14.0.0'}
    cpu: [wasm32]

  '@oxc-resolver/binding-win32-arm64-msvc@11.13.0':
    resolution: {integrity: sha512-pfQDRggtnsP0ZIx+XntAiqeAGOqsbUNoeWuAd9mdfGzCDI7BOauTd1gSaI89rQ30rnf90ELb+L2dNa0I2wLIPQ==}
    cpu: [arm64]
    os: [win32]

  '@oxc-resolver/binding-win32-ia32-msvc@11.13.0':
    resolution: {integrity: sha512-TViVvey424MV/cavv6x8ja/swTwIi4RTdM8QlxafLmUg1sn6f09ktKLVMy9UvV4gcHAFHeqSAaIdrljcw58RBA==}
    cpu: [ia32]
    os: [win32]

  '@oxc-resolver/binding-win32-x64-msvc@11.13.0':
    resolution: {integrity: sha512-wH7t+I0o6EU+O+VMV1AitqYeyZCGtpKDtK8fSqD6N35JQVOHYSsnxrtULoP5PA5SMAEW4GwE8ZbOajaUXXxzuA==}
    cpu: [x64]
    os: [win32]

  '@oxc-transform/binding-android-arm64@0.82.3':
    resolution: {integrity: sha512-25Wh8wRSVMNiGJHeT1kIOKynrXbMoSR5vkhL+j7GyXs+R7tA3Vah574NK86y7k8Ayz7bmddSepue+Mp4/B2bqg==}
    engines: {node: '>=14.0.0'}
    cpu: [arm64]
    os: [android]

  '@oxc-transform/binding-darwin-arm64@0.82.3':
    resolution: {integrity: sha512-AUXBcudAnFG74NkeKb03dkJ7jMrqasj8dr1p3KK4n4t/h687D63zWS7Ujqm46ilMJAta7yOQOXRG01ulrYfZ9w==}
    engines: {node: '>=14.0.0'}
    cpu: [arm64]
    os: [darwin]

  '@oxc-transform/binding-darwin-x64@0.82.3':
    resolution: {integrity: sha512-ZibkYbQxnmEWA3PZzvt1s48hzZ8x7JXja9jBGxcztyku3CeJfg84VLBQtKplQ+X/844b6SguGovhzM+f+B8mfw==}
    engines: {node: '>=14.0.0'}
    cpu: [x64]
    os: [darwin]

  '@oxc-transform/binding-freebsd-x64@0.82.3':
    resolution: {integrity: sha512-TgWClgWmsd+PqB8KjzmCDg4LgjJSjr9M6iMo7DnMpJQ8wKn6OXax1uzUmAhMVURn3fZ/mOjreVlxnsMo0EDGBg==}
    engines: {node: '>=14.0.0'}
    cpu: [x64]
    os: [freebsd]

  '@oxc-transform/binding-linux-arm-gnueabihf@0.82.3':
    resolution: {integrity: sha512-doD+InoG9wTY20zGeiY2yhhZQ/7JeyegxQziCxzSWwMVDFX9Ta1M3EPPLJ2HFpSrx1UAHoNtaXsTJK0kZRXptg==}
    engines: {node: '>=14.0.0'}
    cpu: [arm]
    os: [linux]

  '@oxc-transform/binding-linux-arm-musleabihf@0.82.3':
    resolution: {integrity: sha512-PQPNo7/HzULjG5mZ4S6zgyLRCSMf9XubNJkOKvlk2+G8dnui9qe74jWbuZLdnlHbWiYmVxOlWt7c3FPdUcGSmw==}
    engines: {node: '>=14.0.0'}
    cpu: [arm]
    os: [linux]

  '@oxc-transform/binding-linux-arm64-gnu@0.82.3':
    resolution: {integrity: sha512-u8UCgPfVVfk/nIjhKfWNgT5J+qB3RjxnYWLg1TLV+TDKAXKRQvkTS7q+rygDSM3S+yaf8zZqqFf9Yz4mlKchvg==}
    engines: {node: '>=14.0.0'}
    cpu: [arm64]
    os: [linux]

  '@oxc-transform/binding-linux-arm64-musl@0.82.3':
    resolution: {integrity: sha512-//hl3Xe36+fwyBrzKpTSMgSDqscbqpkeQ1TTvfkZS7IKuLoSM7lVbU+fpaOslDXUezLg9SwN6Cn2sL61OX7IaA==}
    engines: {node: '>=14.0.0'}
    cpu: [arm64]
    os: [linux]

  '@oxc-transform/binding-linux-riscv64-gnu@0.82.3':
    resolution: {integrity: sha512-iOPpMG0EAvOOZ048OdmuUhWV5NRXERDVj/+k5IUIOzXuxZSjrJK/NjirdpYnXXLMx3lDIm2muMR1ESg0f8eb+A==}
    engines: {node: '>=14.0.0'}
    cpu: [riscv64]
    os: [linux]

  '@oxc-transform/binding-linux-s390x-gnu@0.82.3':
    resolution: {integrity: sha512-pdgFqoFoqs6JNoaV540RZSMq4uaArlL1ZnjT1rsL662K4CejOAFmyuroCw98DdF/TQsuFQV1a4At7jHlF1H+0Q==}
    engines: {node: '>=14.0.0'}
    cpu: [s390x]
    os: [linux]

  '@oxc-transform/binding-linux-x64-gnu@0.82.3':
    resolution: {integrity: sha512-OJ9k0xIqejBNp+6dn1V/QZk0iHBqJsq/Jm/+9wjg3gJyDOZFq0qU/zHAuUzObro6JGFBmPvAZsVi4qEaYZLIQA==}
    engines: {node: '>=14.0.0'}
    cpu: [x64]
    os: [linux]

  '@oxc-transform/binding-linux-x64-musl@0.82.3':
    resolution: {integrity: sha512-nPaIuIm0OM2Xylt3suhiLw6POklE8KlpO2hRuGtiLQTFWORPgB3SzDTrp2Trxob40bsbCTVyeWHB/VsC/vw5Gw==}
    engines: {node: '>=14.0.0'}
    cpu: [x64]
    os: [linux]

  '@oxc-transform/binding-wasm32-wasi@0.82.3':
    resolution: {integrity: sha512-srV5VaR6cgs808dm/gBDAuqUaPqgWsoLMPbmojMt/qGu2fEOSQzv5i3X0b5V6OyHM9k53BK449k22JHTCzpyAg==}
    engines: {node: '>=14.0.0'}
    cpu: [wasm32]

  '@oxc-transform/binding-win32-arm64-msvc@0.82.3':
    resolution: {integrity: sha512-6/YlbsKYXjd7lsEp2rdqaJ19MiLW6D+JZP6OSRrkZhRS0aFjpVB1NDEMquYr0dB+/Dd8NchHJoeNhJrhE80PgA==}
    engines: {node: '>=14.0.0'}
    cpu: [arm64]
    os: [win32]

  '@oxc-transform/binding-win32-x64-msvc@0.82.3':
    resolution: {integrity: sha512-2s19kAMWzeg4HDWTOxwXj9i+j3PXOISZeEwZT9IiEWX6as0o4Ab2zAnQvjwgKgCg3HProDmCHz3KFr8eBClhqQ==}
    engines: {node: '>=14.0.0'}
    cpu: [x64]
    os: [win32]

  '@rollup/pluginutils@5.3.0':
    resolution: {integrity: sha512-5EdhGZtnu3V88ces7s53hhfK5KSASnJZv8Lulpc04cWO3REESroJXg73DFsOmgbU2BhwV0E20bu2IDZb3VKW4Q==}
    engines: {node: '>=14.0.0'}
    peerDependencies:
      rollup: ^1.20.0||^2.0.0||^3.0.0||^4.0.0
    peerDependenciesMeta:
      rollup:
        optional: true

  '@rollup/rollup-android-arm-eabi@4.53.3':
    resolution: {integrity: sha512-mRSi+4cBjrRLoaal2PnqH82Wqyb+d3HsPUN/W+WslCXsZsyHa9ZeQQX/pQsZaVIWDkPcpV6jJ+3KLbTbgnwv8w==}
    cpu: [arm]
    os: [android]

  '@rollup/rollup-android-arm64@4.53.3':
    resolution: {integrity: sha512-CbDGaMpdE9sh7sCmTrTUyllhrg65t6SwhjlMJsLr+J8YjFuPmCEjbBSx4Z/e4SmDyH3aB5hGaJUP2ltV/vcs4w==}
    cpu: [arm64]
    os: [android]

  '@rollup/rollup-darwin-arm64@4.53.3':
    resolution: {integrity: sha512-Nr7SlQeqIBpOV6BHHGZgYBuSdanCXuw09hon14MGOLGmXAFYjx1wNvquVPmpZnl0tLjg25dEdr4IQ6GgyToCUA==}
    cpu: [arm64]
    os: [darwin]

  '@rollup/rollup-darwin-x64@4.53.3':
    resolution: {integrity: sha512-DZ8N4CSNfl965CmPktJ8oBnfYr3F8dTTNBQkRlffnUarJ2ohudQD17sZBa097J8xhQ26AwhHJ5mvUyQW8ddTsQ==}
    cpu: [x64]
    os: [darwin]

  '@rollup/rollup-freebsd-arm64@4.53.3':
    resolution: {integrity: sha512-yMTrCrK92aGyi7GuDNtGn2sNW+Gdb4vErx4t3Gv/Tr+1zRb8ax4z8GWVRfr3Jw8zJWvpGHNpss3vVlbF58DZ4w==}
    cpu: [arm64]
    os: [freebsd]

  '@rollup/rollup-freebsd-x64@4.53.3':
    resolution: {integrity: sha512-lMfF8X7QhdQzseM6XaX0vbno2m3hlyZFhwcndRMw8fbAGUGL3WFMBdK0hbUBIUYcEcMhVLr1SIamDeuLBnXS+Q==}
    cpu: [x64]
    os: [freebsd]

  '@rollup/rollup-linux-arm-gnueabihf@4.53.3':
    resolution: {integrity: sha512-k9oD15soC/Ln6d2Wv/JOFPzZXIAIFLp6B+i14KhxAfnq76ajt0EhYc5YPeX6W1xJkAdItcVT+JhKl1QZh44/qw==}
    cpu: [arm]
    os: [linux]

  '@rollup/rollup-linux-arm-musleabihf@4.53.3':
    resolution: {integrity: sha512-vTNlKq+N6CK/8UktsrFuc+/7NlEYVxgaEgRXVUVK258Z5ymho29skzW1sutgYjqNnquGwVUObAaxae8rZ6YMhg==}
    cpu: [arm]
    os: [linux]

  '@rollup/rollup-linux-arm64-gnu@4.53.3':
    resolution: {integrity: sha512-RGrFLWgMhSxRs/EWJMIFM1O5Mzuz3Xy3/mnxJp/5cVhZ2XoCAxJnmNsEyeMJtpK+wu0FJFWz+QF4mjCA7AUQ3w==}
    cpu: [arm64]
    os: [linux]

  '@rollup/rollup-linux-arm64-musl@4.53.3':
    resolution: {integrity: sha512-kASyvfBEWYPEwe0Qv4nfu6pNkITLTb32p4yTgzFCocHnJLAHs+9LjUu9ONIhvfT/5lv4YS5muBHyuV84epBo/A==}
    cpu: [arm64]
    os: [linux]

  '@rollup/rollup-linux-loong64-gnu@4.53.3':
    resolution: {integrity: sha512-JiuKcp2teLJwQ7vkJ95EwESWkNRFJD7TQgYmCnrPtlu50b4XvT5MOmurWNrCj3IFdyjBQ5p9vnrX4JM6I8OE7g==}
    cpu: [loong64]
    os: [linux]

  '@rollup/rollup-linux-ppc64-gnu@4.53.3':
    resolution: {integrity: sha512-EoGSa8nd6d3T7zLuqdojxC20oBfNT8nexBbB/rkxgKj5T5vhpAQKKnD+h3UkoMuTyXkP5jTjK/ccNRmQrPNDuw==}
    cpu: [ppc64]
    os: [linux]

  '@rollup/rollup-linux-riscv64-gnu@4.53.3':
    resolution: {integrity: sha512-4s+Wped2IHXHPnAEbIB0YWBv7SDohqxobiiPA1FIWZpX+w9o2i4LezzH/NkFUl8LRci/8udci6cLq+jJQlh+0g==}
    cpu: [riscv64]
    os: [linux]

  '@rollup/rollup-linux-riscv64-musl@4.53.3':
    resolution: {integrity: sha512-68k2g7+0vs2u9CxDt5ktXTngsxOQkSEV/xBbwlqYcUrAVh6P9EgMZvFsnHy4SEiUl46Xf0IObWVbMvPrr2gw8A==}
    cpu: [riscv64]
    os: [linux]

  '@rollup/rollup-linux-s390x-gnu@4.53.3':
    resolution: {integrity: sha512-VYsFMpULAz87ZW6BVYw3I6sWesGpsP9OPcyKe8ofdg9LHxSbRMd7zrVrr5xi/3kMZtpWL/wC+UIJWJYVX5uTKg==}
    cpu: [s390x]
    os: [linux]

  '@rollup/rollup-linux-x64-gnu@4.53.3':
    resolution: {integrity: sha512-3EhFi1FU6YL8HTUJZ51imGJWEX//ajQPfqWLI3BQq4TlvHy4X0MOr5q3D2Zof/ka0d5FNdPwZXm3Yyib/UEd+w==}
    cpu: [x64]
    os: [linux]

  '@rollup/rollup-linux-x64-musl@4.53.3':
    resolution: {integrity: sha512-eoROhjcc6HbZCJr+tvVT8X4fW3/5g/WkGvvmwz/88sDtSJzO7r/blvoBDgISDiCjDRZmHpwud7h+6Q9JxFwq1Q==}
    cpu: [x64]
    os: [linux]

  '@rollup/rollup-openharmony-arm64@4.53.3':
    resolution: {integrity: sha512-OueLAWgrNSPGAdUdIjSWXw+u/02BRTcnfw9PN41D2vq/JSEPnJnVuBgw18VkN8wcd4fjUs+jFHVM4t9+kBSNLw==}
    cpu: [arm64]
    os: [openharmony]

  '@rollup/rollup-win32-arm64-msvc@4.53.3':
    resolution: {integrity: sha512-GOFuKpsxR/whszbF/bzydebLiXIHSgsEUp6M0JI8dWvi+fFa1TD6YQa4aSZHtpmh2/uAlj/Dy+nmby3TJ3pkTw==}
    cpu: [arm64]
    os: [win32]

  '@rollup/rollup-win32-ia32-msvc@4.53.3':
    resolution: {integrity: sha512-iah+THLcBJdpfZ1TstDFbKNznlzoxa8fmnFYK4V67HvmuNYkVdAywJSoteUszvBQ9/HqN2+9AZghbajMsFT+oA==}
    cpu: [ia32]
    os: [win32]

  '@rollup/rollup-win32-x64-gnu@4.53.3':
    resolution: {integrity: sha512-J9QDiOIZlZLdcot5NXEepDkstocktoVjkaKUtqzgzpt2yWjGlbYiKyp05rWwk4nypbYUNoFAztEgixoLaSETkg==}
    cpu: [x64]
    os: [win32]

  '@rollup/rollup-win32-x64-msvc@4.53.3':
    resolution: {integrity: sha512-UhTd8u31dXadv0MopwGgNOBpUVROFKWVQgAg5N1ESyCz8AuBcMqm4AuTjrwgQKGDfoFuz02EuMRHQIw/frmYKQ==}
    cpu: [x64]
    os: [win32]

  '@startracex/dev-config@0.5.0':
    resolution: {integrity: sha512-T5dWvXmKjNJaJx2r1XdO/ZnrRavG93m1TZ8vOKGnZtz4fkVyKRogmFYYDjUQnPCTHsmJXCOSDfgAEnjBM3MIvA==}

  '@tybys/wasm-util@0.10.1':
    resolution: {integrity: sha512-9tTaPJLSiejZKx+Bmog4uSubteqTvFrVrURwkmHixBo0G4seD0zUxp98E1DzUBJxLQ3NPwXrGKDiVjwx/DpPsg==}

  '@types/estree@1.0.8':
    resolution: {integrity: sha512-dWHzHa2WqEXI/O1E9OjrocMTKJl2mSrEolh1Iomrv6U+JuNwaHXsXx9bLu5gG7BUWFIN0skIQJQ/L1rIex4X6w==}

  '@types/node@24.10.1':
    resolution: {integrity: sha512-GNWcUTRBgIRJD5zj+Tq0fKOJ5XZajIiBroOF0yvj2bSU1WvNdYS/dn9UxwsujGW4JX06dnHyjV2y9rRaybH0iQ==}

  cjs-shim@1.1.0:
    resolution: {integrity: sha512-xaY+NWpAADMD48oGFRutsagTS+3R7XSQhP4YXW3OtzCQFpH99ZN3e25XaC0klDwTfgaM7ZoYWO/dL8ydQiJ5Yw==}

  dprint@0.50.2:
    resolution: {integrity: sha512-+0Fzg+17jsMMUouK00/Fara5YtGOuE76EAJINHB8VpkXHd0n00rMXtw/03qorOgz23eo8Y0UpYvNZBJJo3aNtw==}
    hasBin: true

  estree-walker@2.0.2:
    resolution: {integrity: sha512-Rfkk/Mp/DL7JVje3u18FxFujQlTNR2q6QfMSMB7AvCBx91NGj/ba3kCfza0f6dVDbw7YlRf/nDrn7pQrCCyQ/w==}

  fsevents@2.3.3:
    resolution: {integrity: sha512-5xoDfX+fL7faATnagmWPpbFtwh/R77WmMMqqHGS65C3vvB0YHrgF+B1YmZ3441tMj5n63k0212XNoJwzlhffQw==}
    engines: {node: ^8.16.0 || ^10.6.0 || >=11.0.0}
    os: [darwin]

  magic-string@0.30.21:
    resolution: {integrity: sha512-vd2F4YUyEXKGcLHoq+TEyCjxueSeHnFxyyjNp80yg0XV4vUhnDer/lvvlqM/arB5bXQN5K2/3oinyCRyx8T2CQ==}

  oxc-minify@0.82.3:
    resolution: {integrity: sha512-iXqx8UITGNp7Ox2X9CW9XmfOBbooXYvPYSbyOu7s9BWmgKNscBl4ySgiYYndZPu1c9TTSbLO6k9XpNvQzb1tWg==}
    engines: {node: '>=14.0.0'}

  oxc-resolver@11.13.0:
    resolution: {integrity: sha512-Pp9ULXeB0KDclQrSRVUUF0NwXCoADtzMBd2kKsk2pHeQoDlZHl9NwVzeCIYFdfKrc7LQxtGoVec3eX2tZHS0Bw==}

  oxc-transform@0.82.3:
    resolution: {integrity: sha512-/vpZvbKSGpUcD06oTPMdAoLLNl2YjIzPAhAR2UDmBy/EyrTObmopxqOL9Pczg/R5cpisi7PzXbsn25tu00Ruqw==}
    engines: {node: '>=14.0.0'}

  picomatch@4.0.3:
    resolution: {integrity: sha512-5gTmgEY/sqK6gFXLIsQNH19lWb4ebPDLA4SdLP7dsWkIXHWlG66oPuVvXSGFPppYZz8ZDZq0dYYrbHfBCVUb1Q==}
    engines: {node: '>=12'}

  rollup-plugin-cjs-shim@2.0.0:
    resolution: {integrity: sha512-wbSXChJj2sJK8DIpI8XZsHfYgtKDBlXqURjcEtMILq4mVv6ICJ5ZZGxL86VWL6qebSsKiYp+ABBHWo+FRmGZJg==}

  rollup-plugin-oxc@0.7.0:
    resolution: {integrity: sha512-aDKCSE9VJQJDqKO7iRp/5tjPUXZEdXE6CSn5LLJT/yPxcPUQnBlOFnci3RbJkU+gLpeFK+1/tQpYaDf55xEtbw==}

  rollup@4.53.3:
    resolution: {integrity: sha512-w8GmOxZfBmKknvdXU1sdM9NHcoQejwF/4mNgj2JuEEdRaHwwF12K7e9eXn1nLZ07ad+du76mkVsyeb2rKGllsA==}
    engines: {node: '>=18.0.0', npm: '>=8.0.0'}
    hasBin: true

  tsconfck@3.1.6:
    resolution: {integrity: sha512-ks6Vjr/jEw0P1gmOVwutM3B7fWxoWBL2KRDb1JfqGVawBmO5UsvmWOQFGHBPl5yxYz4eERr19E6L7NMv+Fej4w==}
    engines: {node: ^18 || >=20}
    hasBin: true
    peerDependencies:
      typescript: ^5.0.0
    peerDependenciesMeta:
      typescript:
        optional: true

  tsconfig-migrate@0.0.0:
    resolution: {integrity: sha512-DdF06udF3tEwC3v+ZptvrlXyQ8dzoTER4CBGurPSSF1YoxYSui/bNakUkywnc5XN3JYaregn5iSnCa5cfztwJw==}

  tslib@2.8.1:
    resolution: {integrity: sha512-oJFu94HQb+KVduSUQL7wnpmqnfmLsOA/nAh6b6EH0wCEoK0/mPeXU6c3wKDV83MkOuHPRHtSXKKU99IBazS/2w==}

  typescript@5.9.3:
    resolution: {integrity: sha512-jl1vZzPDinLr9eUt3J/t7V6FgNEw9QjvBPdysz9KfQDD41fQrC2Y4vKQdiaUpFT4bXlb1RHhLpp8wtm6M5TgSw==}
    engines: {node: '>=14.17'}
    hasBin: true

  undici-types@7.16.0:
    resolution: {integrity: sha512-Zz+aZWSj8LE6zoxD+xrjh4VfkIG8Ya6LvYkZqtUQGJPZjYl53ypCaUwWqo7eI0x66KBGeRo+mlBEkMSeSZ38Nw==}

snapshots:

  '@dprint/darwin-arm64@0.50.2':
    optional: true

  '@dprint/darwin-x64@0.50.2':
    optional: true

  '@dprint/linux-arm64-glibc@0.50.2':
    optional: true

  '@dprint/linux-arm64-musl@0.50.2':
    optional: true

  '@dprint/linux-riscv64-glibc@0.50.2':
    optional: true

  '@dprint/linux-x64-glibc@0.50.2':
    optional: true

  '@dprint/linux-x64-musl@0.50.2':
    optional: true

  '@dprint/win32-arm64@0.50.2':
    optional: true

  '@dprint/win32-x64@0.50.2':
    optional: true

  '@emnapi/core@1.7.0':
    dependencies:
      '@emnapi/wasi-threads': 1.1.0
      tslib: 2.8.1
    optional: true

  '@emnapi/runtime@1.7.0':
    dependencies:
      tslib: 2.8.1
    optional: true

  '@emnapi/wasi-threads@1.1.0':
    dependencies:
      tslib: 2.8.1
    optional: true

  '@jridgewell/sourcemap-codec@1.5.5': {}

  '@napi-rs/wasm-runtime@1.0.7':
    dependencies:
      '@emnapi/core': 1.7.0
      '@emnapi/runtime': 1.7.0
      '@tybys/wasm-util': 0.10.1
    optional: true

  '@oxc-minify/binding-android-arm64@0.82.3':
    optional: true

  '@oxc-minify/binding-darwin-arm64@0.82.3':
    optional: true

  '@oxc-minify/binding-darwin-x64@0.82.3':
    optional: true

  '@oxc-minify/binding-freebsd-x64@0.82.3':
    optional: true

  '@oxc-minify/binding-linux-arm-gnueabihf@0.82.3':
    optional: true

  '@oxc-minify/binding-linux-arm-musleabihf@0.82.3':
    optional: true

  '@oxc-minify/binding-linux-arm64-gnu@0.82.3':
    optional: true

  '@oxc-minify/binding-linux-arm64-musl@0.82.3':
    optional: true

  '@oxc-minify/binding-linux-riscv64-gnu@0.82.3':
    optional: true

  '@oxc-minify/binding-linux-s390x-gnu@0.82.3':
    optional: true

  '@oxc-minify/binding-linux-x64-gnu@0.82.3':
    optional: true

  '@oxc-minify/binding-linux-x64-musl@0.82.3':
    optional: true

  '@oxc-minify/binding-wasm32-wasi@0.82.3':
    dependencies:
      '@napi-rs/wasm-runtime': 1.0.7
    optional: true

  '@oxc-minify/binding-win32-arm64-msvc@0.82.3':
    optional: true

  '@oxc-minify/binding-win32-x64-msvc@0.82.3':
    optional: true

  '@oxc-resolver/binding-android-arm-eabi@11.13.0':
    optional: true

  '@oxc-resolver/binding-android-arm64@11.13.0':
    optional: true

  '@oxc-resolver/binding-darwin-arm64@11.13.0':
    optional: true

  '@oxc-resolver/binding-darwin-x64@11.13.0':
    optional: true

  '@oxc-resolver/binding-freebsd-x64@11.13.0':
    optional: true

  '@oxc-resolver/binding-linux-arm-gnueabihf@11.13.0':
    optional: true

  '@oxc-resolver/binding-linux-arm-musleabihf@11.13.0':
    optional: true

  '@oxc-resolver/binding-linux-arm64-gnu@11.13.0':
    optional: true

  '@oxc-resolver/binding-linux-arm64-musl@11.13.0':
    optional: true

  '@oxc-resolver/binding-linux-ppc64-gnu@11.13.0':
    optional: true

  '@oxc-resolver/binding-linux-riscv64-gnu@11.13.0':
    optional: true

  '@oxc-resolver/binding-linux-riscv64-musl@11.13.0':
    optional: true

  '@oxc-resolver/binding-linux-s390x-gnu@11.13.0':
    optional: true

  '@oxc-resolver/binding-linux-x64-gnu@11.13.0':
    optional: true

  '@oxc-resolver/binding-linux-x64-musl@11.13.0':
    optional: true

  '@oxc-resolver/binding-wasm32-wasi@11.13.0':
    dependencies:
      '@napi-rs/wasm-runtime': 1.0.7
    optional: true

  '@oxc-resolver/binding-win32-arm64-msvc@11.13.0':
    optional: true

  '@oxc-resolver/binding-win32-ia32-msvc@11.13.0':
    optional: true

  '@oxc-resolver/binding-win32-x64-msvc@11.13.0':
    optional: true

  '@oxc-transform/binding-android-arm64@0.82.3':
    optional: true

  '@oxc-transform/binding-darwin-arm64@0.82.3':
    optional: true

  '@oxc-transform/binding-darwin-x64@0.82.3':
    optional: true

  '@oxc-transform/binding-freebsd-x64@0.82.3':
    optional: true

  '@oxc-transform/binding-linux-arm-gnueabihf@0.82.3':
    optional: true

  '@oxc-transform/binding-linux-arm-musleabihf@0.82.3':
    optional: true

  '@oxc-transform/binding-linux-arm64-gnu@0.82.3':
    optional: true

  '@oxc-transform/binding-linux-arm64-musl@0.82.3':
    optional: true

  '@oxc-transform/binding-linux-riscv64-gnu@0.82.3':
    optional: true

  '@oxc-transform/binding-linux-s390x-gnu@0.82.3':
    optional: true

  '@oxc-transform/binding-linux-x64-gnu@0.82.3':
    optional: true

  '@oxc-transform/binding-linux-x64-musl@0.82.3':
    optional: true

  '@oxc-transform/binding-wasm32-wasi@0.82.3':
    dependencies:
      '@napi-rs/wasm-runtime': 1.0.7
    optional: true

  '@oxc-transform/binding-win32-arm64-msvc@0.82.3':
    optional: true

  '@oxc-transform/binding-win32-x64-msvc@0.82.3':
    optional: true

  '@rollup/pluginutils@5.3.0(rollup@4.53.3)':
    dependencies:
      '@types/estree': 1.0.8
      estree-walker: 2.0.2
      picomatch: 4.0.3
    optionalDependencies:
      rollup: 4.53.3

  '@rollup/rollup-android-arm-eabi@4.53.3':
    optional: true

  '@rollup/rollup-android-arm64@4.53.3':
    optional: true

  '@rollup/rollup-darwin-arm64@4.53.3':
    optional: true

  '@rollup/rollup-darwin-x64@4.53.3':
    optional: true

  '@rollup/rollup-freebsd-arm64@4.53.3':
    optional: true

  '@rollup/rollup-freebsd-x64@4.53.3':
    optional: true

  '@rollup/rollup-linux-arm-gnueabihf@4.53.3':
    optional: true

  '@rollup/rollup-linux-arm-musleabihf@4.53.3':
    optional: true

  '@rollup/rollup-linux-arm64-gnu@4.53.3':
    optional: true

  '@rollup/rollup-linux-arm64-musl@4.53.3':
    optional: true

  '@rollup/rollup-linux-loong64-gnu@4.53.3':
    optional: true

  '@rollup/rollup-linux-ppc64-gnu@4.53.3':
    optional: true

  '@rollup/rollup-linux-riscv64-gnu@4.53.3':
    optional: true

  '@rollup/rollup-linux-riscv64-musl@4.53.3':
    optional: true

  '@rollup/rollup-linux-s390x-gnu@4.53.3':
    optional: true

  '@rollup/rollup-linux-x64-gnu@4.53.3':
    optional: true

  '@rollup/rollup-linux-x64-musl@4.53.3':
    optional: true

  '@rollup/rollup-openharmony-arm64@4.53.3':
    optional: true

  '@rollup/rollup-win32-arm64-msvc@4.53.3':
    optional: true

  '@rollup/rollup-win32-ia32-msvc@4.53.3':
    optional: true

  '@rollup/rollup-win32-x64-gnu@4.53.3':
    optional: true

  '@rollup/rollup-win32-x64-msvc@4.53.3':
    optional: true

  '@startracex/dev-config@0.5.0': {}

  '@tybys/wasm-util@0.10.1':
    dependencies:
      tslib: 2.8.1
    optional: true

  '@types/estree@1.0.8': {}

  '@types/node@24.10.1':
    dependencies:
      undici-types: 7.16.0

  cjs-shim@1.1.0:
    dependencies:
      magic-string: 0.30.21
      typescript: 5.9.3

  dprint@0.50.2:
    optionalDependencies:
      '@dprint/darwin-arm64': 0.50.2
      '@dprint/darwin-x64': 0.50.2
      '@dprint/linux-arm64-glibc': 0.50.2
      '@dprint/linux-arm64-musl': 0.50.2
      '@dprint/linux-riscv64-glibc': 0.50.2
      '@dprint/linux-x64-glibc': 0.50.2
      '@dprint/linux-x64-musl': 0.50.2
      '@dprint/win32-arm64': 0.50.2
      '@dprint/win32-x64': 0.50.2

  estree-walker@2.0.2: {}

  fsevents@2.3.3:
    optional: true

  magic-string@0.30.21:
    dependencies:
      '@jridgewell/sourcemap-codec': 1.5.5

  oxc-minify@0.82.3:
    optionalDependencies:
      '@oxc-minify/binding-android-arm64': 0.82.3
      '@oxc-minify/binding-darwin-arm64': 0.82.3
      '@oxc-minify/binding-darwin-x64': 0.82.3
      '@oxc-minify/binding-freebsd-x64': 0.82.3
      '@oxc-minify/binding-linux-arm-gnueabihf': 0.82.3
      '@oxc-minify/binding-linux-arm-musleabihf': 0.82.3
      '@oxc-minify/binding-linux-arm64-gnu': 0.82.3
      '@oxc-minify/binding-linux-arm64-musl': 0.82.3
      '@oxc-minify/binding-linux-riscv64-gnu': 0.82.3
      '@oxc-minify/binding-linux-s390x-gnu': 0.82.3
      '@oxc-minify/binding-linux-x64-gnu': 0.82.3
      '@oxc-minify/binding-linux-x64-musl': 0.82.3
      '@oxc-minify/binding-wasm32-wasi': 0.82.3
      '@oxc-minify/binding-win32-arm64-msvc': 0.82.3
      '@oxc-minify/binding-win32-x64-msvc': 0.82.3

  oxc-resolver@11.13.0:
    optionalDependencies:
      '@oxc-resolver/binding-android-arm-eabi': 11.13.0
      '@oxc-resolver/binding-android-arm64': 11.13.0
      '@oxc-resolver/binding-darwin-arm64': 11.13.0
      '@oxc-resolver/binding-darwin-x64': 11.13.0
      '@oxc-resolver/binding-freebsd-x64': 11.13.0
      '@oxc-resolver/binding-linux-arm-gnueabihf': 11.13.0
      '@oxc-resolver/binding-linux-arm-musleabihf': 11.13.0
      '@oxc-resolver/binding-linux-arm64-gnu': 11.13.0
      '@oxc-resolver/binding-linux-arm64-musl': 11.13.0
      '@oxc-resolver/binding-linux-ppc64-gnu': 11.13.0
      '@oxc-resolver/binding-linux-riscv64-gnu': 11.13.0
      '@oxc-resolver/binding-linux-riscv64-musl': 11.13.0
      '@oxc-resolver/binding-linux-s390x-gnu': 11.13.0
      '@oxc-resolver/binding-linux-x64-gnu': 11.13.0
      '@oxc-resolver/binding-linux-x64-musl': 11.13.0
      '@oxc-resolver/binding-wasm32-wasi': 11.13.0
      '@oxc-resolver/binding-win32-arm64-msvc': 11.13.0
      '@oxc-resolver/binding-win32-ia32-msvc': 11.13.0
      '@oxc-resolver/binding-win32-x64-msvc': 11.13.0

  oxc-transform@0.82.3:
    optionalDependencies:
      '@oxc-transform/binding-android-arm64': 0.82.3
      '@oxc-transform/binding-darwin-arm64': 0.82.3
      '@oxc-transform/binding-darwin-x64': 0.82.3
      '@oxc-transform/binding-freebsd-x64': 0.82.3
      '@oxc-transform/binding-linux-arm-gnueabihf': 0.82.3
      '@oxc-transform/binding-linux-arm-musleabihf': 0.82.3
      '@oxc-transform/binding-linux-arm64-gnu': 0.82.3
      '@oxc-transform/binding-linux-arm64-musl': 0.82.3
      '@oxc-transform/binding-linux-riscv64-gnu': 0.82.3
      '@oxc-transform/binding-linux-s390x-gnu': 0.82.3
      '@oxc-transform/binding-linux-x64-gnu': 0.82.3
      '@oxc-transform/binding-linux-x64-musl': 0.82.3
      '@oxc-transform/binding-wasm32-wasi': 0.82.3
      '@oxc-transform/binding-win32-arm64-msvc': 0.82.3
      '@oxc-transform/binding-win32-x64-msvc': 0.82.3

  picomatch@4.0.3: {}

  rollup-plugin-cjs-shim@2.0.0(rollup@4.53.3):
    dependencies:
      '@rollup/pluginutils': 5.3.0(rollup@4.53.3)
      cjs-shim: 1.1.0
    transitivePeerDependencies:
      - rollup

  rollup-plugin-oxc@0.7.0(rollup@4.53.3)(typescript@5.9.3):
    dependencies:
      '@rollup/pluginutils': 5.3.0(rollup@4.53.3)
      oxc-minify: 0.82.3
      oxc-resolver: 11.13.0
      oxc-transform: 0.82.3
      tsconfck: 3.1.6(typescript@5.9.3)
      tsconfig-migrate: 0.0.0
    transitivePeerDependencies:
      - rollup
      - typescript

  rollup@4.53.3:
    dependencies:
      '@types/estree': 1.0.8
    optionalDependencies:
      '@rollup/rollup-android-arm-eabi': 4.53.3
      '@rollup/rollup-android-arm64': 4.53.3
      '@rollup/rollup-darwin-arm64': 4.53.3
      '@rollup/rollup-darwin-x64': 4.53.3
      '@rollup/rollup-freebsd-arm64': 4.53.3
      '@rollup/rollup-freebsd-x64': 4.53.3
      '@rollup/rollup-linux-arm-gnueabihf': 4.53.3
      '@rollup/rollup-linux-arm-musleabihf': 4.53.3
      '@rollup/rollup-linux-arm64-gnu': 4.53.3
      '@rollup/rollup-linux-arm64-musl': 4.53.3
      '@rollup/rollup-linux-loong64-gnu': 4.53.3
      '@rollup/rollup-linux-ppc64-gnu': 4.53.3
      '@rollup/rollup-linux-riscv64-gnu': 4.53.3
      '@rollup/rollup-linux-riscv64-musl': 4.53.3
      '@rollup/rollup-linux-s390x-gnu': 4.53.3
      '@rollup/rollup-linux-x64-gnu': 4.53.3
      '@rollup/rollup-linux-x64-musl': 4.53.3
      '@rollup/rollup-openharmony-arm64': 4.53.3
      '@rollup/rollup-win32-arm64-msvc': 4.53.3
      '@rollup/rollup-win32-ia32-msvc': 4.53.3
      '@rollup/rollup-win32-x64-gnu': 4.53.3
      '@rollup/rollup-win32-x64-msvc': 4.53.3
      fsevents: 2.3.3

  tsconfck@3.1.6(typescript@5.9.3):
    optionalDependencies:
      typescript: 5.9.3

  tsconfig-migrate@0.0.0: {}

  tslib@2.8.1:
    optional: true

  typescript@5.9.3: {}

  undici-types@7.16.0: {}
